// !$*UTF8*$!
{
	archiveVersion = 1;
	classes = {
	};
	objectVersion = 52;
	objects = {

/* Begin PBXBuildFile section */
		2B46C51C24D2AA0800CA143E /* SettingsProtocol.swift in Sources */ = {isa = PBXBuildFile; fileRef = 2B46C51B24D2AA0800CA143E /* SettingsProtocol.swift */; };
		2B46C51E24D2AB6E00CA143E /* SettingsRouter.swift in Sources */ = {isa = PBXBuildFile; fileRef = 2B46C51D24D2AB6E00CA143E /* SettingsRouter.swift */; };
		2B46C52024D2AB8E00CA143E /* SettingsPresenter.swift in Sources */ = {isa = PBXBuildFile; fileRef = 2B46C51F24D2AB8E00CA143E /* SettingsPresenter.swift */; };
		2B46C52224D2ABF600CA143E /* SettingsInteractor.swift in Sources */ = {isa = PBXBuildFile; fileRef = 2B46C52124D2ABF600CA143E /* SettingsInteractor.swift */; };
		2B46C52424D2AC2200CA143E /* SettingsAssembly.swift in Sources */ = {isa = PBXBuildFile; fileRef = 2B46C52324D2AC2200CA143E /* SettingsAssembly.swift */; };
		2B46C52624D2B8B500CA143E /* TableViewSupervisor.swift in Sources */ = {isa = PBXBuildFile; fileRef = 2B46C52524D2B8B500CA143E /* TableViewSupervisor.swift */; };
		2B46C52824D2B91A00CA143E /* ViewModel.swift in Sources */ = {isa = PBXBuildFile; fileRef = 2B46C52724D2B91A00CA143E /* ViewModel.swift */; };
		2B46C52A24D2CAF400CA143E /* TableViewCell.swift in Sources */ = {isa = PBXBuildFile; fileRef = 2B46C52924D2CAF400CA143E /* TableViewCell.swift */; };
		2B46C53424D2E33400CA143E /* DetailSettingsProtocol.swift in Sources */ = {isa = PBXBuildFile; fileRef = 2B46C53324D2E33400CA143E /* DetailSettingsProtocol.swift */; };
		2B46C53624D2E38F00CA143E /* DetailSettingsView.swift in Sources */ = {isa = PBXBuildFile; fileRef = 2B46C53524D2E38F00CA143E /* DetailSettingsView.swift */; };
		2B46C53824D2E3C100CA143E /* DetailSettingsRouter.swift in Sources */ = {isa = PBXBuildFile; fileRef = 2B46C53724D2E3C100CA143E /* DetailSettingsRouter.swift */; };
		2B46C53A24D2E41B00CA143E /* DetailSettingsPresenter.swift in Sources */ = {isa = PBXBuildFile; fileRef = 2B46C53924D2E41B00CA143E /* DetailSettingsPresenter.swift */; };
		2B46C53C24D2E46900CA143E /* DetailSettingsInteractor.swift in Sources */ = {isa = PBXBuildFile; fileRef = 2B46C53B24D2E46900CA143E /* DetailSettingsInteractor.swift */; };
		2B46C53E24D2E6E800CA143E /* DetailTableSupervisor.swift in Sources */ = {isa = PBXBuildFile; fileRef = 2B46C53D24D2E6E800CA143E /* DetailTableSupervisor.swift */; };
		2B46C54024D2E7A500CA143E /* DetailSettingsAssembly.swift in Sources */ = {isa = PBXBuildFile; fileRef = 2B46C53F24D2E7A500CA143E /* DetailSettingsAssembly.swift */; };
		2B46C54224D2E84D00CA143E /* LanguageCellViewModel.swift in Sources */ = {isa = PBXBuildFile; fileRef = 2B46C54124D2E84D00CA143E /* LanguageCellViewModel.swift */; };
		2B46C54424D2EA9500CA143E /* TableViewCell+.swift in Sources */ = {isa = PBXBuildFile; fileRef = 2B46C54324D2EA9500CA143E /* TableViewCell+.swift */; };
		2B46C54624D309B500CA143E /* SettingsList.swift in Sources */ = {isa = PBXBuildFile; fileRef = 2B46C54524D309B500CA143E /* SettingsList.swift */; };
		2B46C55124D578D900CA143E /* CoreDataStore.swift in Sources */ = {isa = PBXBuildFile; fileRef = 2B46C55024D578D900CA143E /* CoreDataStore.swift */; };
		2B46C55424D5798800CA143E /* PhotationCoreData.xcdatamodeld in Sources */ = {isa = PBXBuildFile; fileRef = 2B46C55224D5798800CA143E /* PhotationCoreData.xcdatamodeld */; };
		2B46C57724D5A74B00CA143E /* DataStore.swift in Sources */ = {isa = PBXBuildFile; fileRef = 2B46C57624D5A74B00CA143E /* DataStore.swift */; };
		2B46C57924D5AA7A00CA143E /* DataConverter.swift in Sources */ = {isa = PBXBuildFile; fileRef = 2B46C57824D5AA7A00CA143E /* DataConverter.swift */; };
		2B46C57B24D5ACF500CA143E /* UIColor+.swift in Sources */ = {isa = PBXBuildFile; fileRef = 2B46C57A24D5ACF500CA143E /* UIColor+.swift */; };
		2B46C59A24DBE56E00CA143E /* ImageEntity+CoreDataClass.swift in Sources */ = {isa = PBXBuildFile; fileRef = 2B46C59824DBE56E00CA143E /* ImageEntity+CoreDataClass.swift */; };
		2B46C59B24DBE56E00CA143E /* ImageEntity+CoreDataProperties.swift in Sources */ = {isa = PBXBuildFile; fileRef = 2B46C59924DBE56E00CA143E /* ImageEntity+CoreDataProperties.swift */; };
		2B46C59D24DC013400CA143E /* GlobalConstants.swift in Sources */ = {isa = PBXBuildFile; fileRef = 2B46C59C24DC013400CA143E /* GlobalConstants.swift */; };
		2B46C5A624DC360700CA143E /* FavoriteAssembly.swift in Sources */ = {isa = PBXBuildFile; fileRef = 2B46C5A524DC360700CA143E /* FavoriteAssembly.swift */; };
		2B46C5A824DC361500CA143E /* FavoriteRouter.swift in Sources */ = {isa = PBXBuildFile; fileRef = 2B46C5A724DC361500CA143E /* FavoriteRouter.swift */; };
		2B46C5AA24DC364200CA143E /* FavoritePresenter.swift in Sources */ = {isa = PBXBuildFile; fileRef = 2B46C5A924DC364200CA143E /* FavoritePresenter.swift */; };
		2B46C5AC24DC383F00CA143E /* FavoriteInteractor.swift in Sources */ = {isa = PBXBuildFile; fileRef = 2B46C5AB24DC383F00CA143E /* FavoriteInteractor.swift */; };
		2B46C5AE24DC385700CA143E /* FavoriteProtocols.swift in Sources */ = {isa = PBXBuildFile; fileRef = 2B46C5AD24DC385700CA143E /* FavoriteProtocols.swift */; };
		2B46C5B124DC396200CA143E /* FavoriteObject.swift in Sources */ = {isa = PBXBuildFile; fileRef = 2B46C5B024DC396200CA143E /* FavoriteObject.swift */; };
		2B5125D724D016BB00021937 /* ImageHandler.swift in Sources */ = {isa = PBXBuildFile; fileRef = 2B5125D624D016BB00021937 /* ImageHandler.swift */; };
		2B5125DA24D0210A00021937 /* Translator.swift in Sources */ = {isa = PBXBuildFile; fileRef = 2B5125D924D0210A00021937 /* Translator.swift */; };
		2B5125DC24D02BFC00021937 /* ThreadSafetyDictionary.swift in Sources */ = {isa = PBXBuildFile; fileRef = 2B5125DB24D02BFC00021937 /* ThreadSafetyDictionary.swift */; };
		2B5125DF24D04C6700021937 /* Language.swift in Sources */ = {isa = PBXBuildFile; fileRef = 2B5125DE24D04C6700021937 /* Language.swift */; };
		2B5125E224D0506900021937 /* SpinnerViewController.swift in Sources */ = {isa = PBXBuildFile; fileRef = 2B5125E124D0506900021937 /* SpinnerViewController.swift */; };
		2B51260C24D0645300021937 /* UserSettings.swift in Sources */ = {isa = PBXBuildFile; fileRef = 2B51260B24D0645300021937 /* UserSettings.swift */; };
		2B51260F24D0660A00021937 /* ImageHandlerAndTranslationWorker.swift in Sources */ = {isa = PBXBuildFile; fileRef = 2B51260E24D0660900021937 /* ImageHandlerAndTranslationWorker.swift */; };
		2B55DBAC24E2DE35008A70F8 /* ObjectEntity+CoreDataClass.swift in Sources */ = {isa = PBXBuildFile; fileRef = 2B55DBAA24E2DE35008A70F8 /* ObjectEntity+CoreDataClass.swift */; };
		2B55DBAD24E2DE35008A70F8 /* ObjectEntity+CoreDataProperties.swift in Sources */ = {isa = PBXBuildFile; fileRef = 2B55DBAB24E2DE35008A70F8 /* ObjectEntity+CoreDataProperties.swift */; };
		2B676D8424EBB98900AC4BB8 /* RememberCollectionViewSupervisor.swift in Sources */ = {isa = PBXBuildFile; fileRef = 2B676D8324EBB98900AC4BB8 /* RememberCollectionViewSupervisor.swift */; };
		2B676D8624EBBA6800AC4BB8 /* RememberCollectionViewCell.swift in Sources */ = {isa = PBXBuildFile; fileRef = 2B676D8524EBBA6800AC4BB8 /* RememberCollectionViewCell.swift */; };
		2B676D8A24EBD6A100AC4BB8 /* CollectionViewActionsDelegate.swift in Sources */ = {isa = PBXBuildFile; fileRef = 2B676D8924EBD6A100AC4BB8 /* CollectionViewActionsDelegate.swift */; };
		2B676D8D24EBDD8D00AC4BB8 /* RememberFooterView.swift in Sources */ = {isa = PBXBuildFile; fileRef = 2B676D8C24EBDD8D00AC4BB8 /* RememberFooterView.swift */; };
		2B676D8F24EC0B7200AC4BB8 /* FooterModel.swift in Sources */ = {isa = PBXBuildFile; fileRef = 2B676D8E24EC0B7200AC4BB8 /* FooterModel.swift */; };
		2B676D9124EC2BC900AC4BB8 /* RememberHeaderView.swift in Sources */ = {isa = PBXBuildFile; fileRef = 2B676D9024EC2BC900AC4BB8 /* RememberHeaderView.swift */; };
		2B676DB924F02E7500AC4BB8 /* ImageReusableView.swift in Sources */ = {isa = PBXBuildFile; fileRef = 2B676DB824F02E7400AC4BB8 /* ImageReusableView.swift */; };
		2B676DBB24F3CA8100AC4BB8 /* Languages.plist in Resources */ = {isa = PBXBuildFile; fileRef = 2B676DBA24F3CA8100AC4BB8 /* Languages.plist */; };
		2B676DBE24F3E55A00AC4BB8 /* LanguageProvider.swift in Sources */ = {isa = PBXBuildFile; fileRef = 2B676DBD24F3E55A00AC4BB8 /* LanguageProvider.swift */; };
		2B6BC11624AB0FE400ED4125 /* AppDelegate.swift in Sources */ = {isa = PBXBuildFile; fileRef = 2B6BC11524AB0FE400ED4125 /* AppDelegate.swift */; };
		2B6BC11F24AB0FE500ED4125 /* Assets.xcassets in Resources */ = {isa = PBXBuildFile; fileRef = 2B6BC11E24AB0FE500ED4125 /* Assets.xcassets */; };
		2B6BC12224AB0FE500ED4125 /* LaunchScreen.storyboard in Resources */ = {isa = PBXBuildFile; fileRef = 2B6BC12024AB0FE500ED4125 /* LaunchScreen.storyboard */; };
		2B6BC13724AF45B500ED4125 /* CollectionView.swift in Sources */ = {isa = PBXBuildFile; fileRef = 2B6BC13624AF45B500ED4125 /* CollectionView.swift */; };
		2B6BC13924AF45C400ED4125 /* FavoriteView.swift in Sources */ = {isa = PBXBuildFile; fileRef = 2B6BC13824AF45C400ED4125 /* FavoriteView.swift */; };
		2B6BC13B24AF45DE00ED4125 /* ImagePickerView.swift in Sources */ = {isa = PBXBuildFile; fileRef = 2B6BC13A24AF45DD00ED4125 /* ImagePickerView.swift */; };
		2B6BC13D24AF45EB00ED4125 /* SettingsView.swift in Sources */ = {isa = PBXBuildFile; fileRef = 2B6BC13C24AF45EB00ED4125 /* SettingsView.swift */; };
		2B6BC13F24AF468E00ED4125 /* MainTabBarController.swift in Sources */ = {isa = PBXBuildFile; fileRef = 2B6BC13E24AF468E00ED4125 /* MainTabBarController.swift */; };
		2B80002224BDA628004D1A12 /* TableStyleHeaderReusableView.swift in Sources */ = {isa = PBXBuildFile; fileRef = 2B80002124BDA628004D1A12 /* TableStyleHeaderReusableView.swift */; };
		2B80002424BDFB41004D1A12 /* ListCollectionViewCell.swift in Sources */ = {isa = PBXBuildFile; fileRef = 2B80002324BDFB41004D1A12 /* ListCollectionViewCell.swift */; };
		2B80002C24C039E2004D1A12 /* CollectionProtocols.swift in Sources */ = {isa = PBXBuildFile; fileRef = 2B80002B24C039E2004D1A12 /* CollectionProtocols.swift */; };
		2B80002E24C04065004D1A12 /* CollectionPresenter.swift in Sources */ = {isa = PBXBuildFile; fileRef = 2B80002D24C04065004D1A12 /* CollectionPresenter.swift */; };
		2B80003024C0408A004D1A12 /* CollectionInteractor.swift in Sources */ = {isa = PBXBuildFile; fileRef = 2B80002F24C0408A004D1A12 /* CollectionInteractor.swift */; };
		2B80003224C040A9004D1A12 /* CollectionAssembly.swift in Sources */ = {isa = PBXBuildFile; fileRef = 2B80003124C040A9004D1A12 /* CollectionAssembly.swift */; };
		2B80003E24C375E2004D1A12 /* ImagePickerAssembly.swift in Sources */ = {isa = PBXBuildFile; fileRef = 2B80003D24C375E2004D1A12 /* ImagePickerAssembly.swift */; };
		2B80004024C3760B004D1A12 /* ImagePickerPresenter.swift in Sources */ = {isa = PBXBuildFile; fileRef = 2B80003F24C3760B004D1A12 /* ImagePickerPresenter.swift */; };
		2B80004224C3761B004D1A12 /* ImagePickerInteractor.swift in Sources */ = {isa = PBXBuildFile; fileRef = 2B80004124C3761B004D1A12 /* ImagePickerInteractor.swift */; };
		2B80004424C37630004D1A12 /* ImagePickerProtocols.swift in Sources */ = {isa = PBXBuildFile; fileRef = 2B80004324C37630004D1A12 /* ImagePickerProtocols.swift */; };
		2B80004724C6CEB6004D1A12 /* GUNetworkLayer in Frameworks */ = {isa = PBXBuildFile; productRef = 2B80004624C6CEB6004D1A12 /* GUNetworkLayer */; };
		2B80004A24C6D5C9004D1A12 /* CloudMersiveClient.swift in Sources */ = {isa = PBXBuildFile; fileRef = 2B80004924C6D5C9004D1A12 /* CloudMersiveClient.swift */; };
		2B80004C24C6D6C0004D1A12 /* CloudMersiveResponse.swift in Sources */ = {isa = PBXBuildFile; fileRef = 2B80004B24C6D6C0004D1A12 /* CloudMersiveResponse.swift */; };
		2B9B123924E4033300646455 /* SettingsStore.swift in Sources */ = {isa = PBXBuildFile; fileRef = 2B9B123824E4033300646455 /* SettingsStore.swift */; };
		2B9B124124E5308B00646455 /* LocalizedString.swift in Sources */ = {isa = PBXBuildFile; fileRef = 2B9B124024E5308B00646455 /* LocalizedString.swift */; };
		2B9B124B24EA9AD900646455 /* RememberProtocols.swift in Sources */ = {isa = PBXBuildFile; fileRef = 2B9B124A24EA9AD900646455 /* RememberProtocols.swift */; };
		2B9B124D24EA9AE700646455 /* RememberInteractor.swift in Sources */ = {isa = PBXBuildFile; fileRef = 2B9B124C24EA9AE700646455 /* RememberInteractor.swift */; };
		2B9B124F24EA9AF600646455 /* RememberPresenter.swift in Sources */ = {isa = PBXBuildFile; fileRef = 2B9B124E24EA9AF600646455 /* RememberPresenter.swift */; };
		2B9B125124EA9B0900646455 /* RememberView.swift in Sources */ = {isa = PBXBuildFile; fileRef = 2B9B125024EA9B0900646455 /* RememberView.swift */; };
		2B9B125324EA9B1B00646455 /* RememberRouter.swift in Sources */ = {isa = PBXBuildFile; fileRef = 2B9B125224EA9B1B00646455 /* RememberRouter.swift */; };
		2B9B125524EA9B2A00646455 /* RememberAssembly.swift in Sources */ = {isa = PBXBuildFile; fileRef = 2B9B125424EA9B2A00646455 /* RememberAssembly.swift */; };
		2B9B125724EAB0A600646455 /* RememberObjects.swift in Sources */ = {isa = PBXBuildFile; fileRef = 2B9B125624EAB0A600646455 /* RememberObjects.swift */; };
		2B9EF09924B89F98001CCEA3 /* CollectionViewDelegatesFlowLayout.swift in Sources */ = {isa = PBXBuildFile; fileRef = 2B9EF09824B89F98001CCEA3 /* CollectionViewDelegatesFlowLayout.swift */; };
		2BAD878024B4A85700F0DAC0 /* CollectionViewSupervisor.swift in Sources */ = {isa = PBXBuildFile; fileRef = 2BE61E3524B4A7F9007F9C19 /* CollectionViewSupervisor.swift */; };
		2BAD878224B4A8AB00F0DAC0 /* MainNavigationBar.swift in Sources */ = {isa = PBXBuildFile; fileRef = 2BAD878124B4A8AB00F0DAC0 /* MainNavigationBar.swift */; };
		2BD8D35424C830DB0099C575 /* TranslationResponse.swift in Sources */ = {isa = PBXBuildFile; fileRef = 2BD8D35324C830DB0099C575 /* TranslationResponse.swift */; };
		2BD8D35624C830EF0099C575 /* TranslationClient.swift in Sources */ = {isa = PBXBuildFile; fileRef = 2BD8D35524C830EF0099C575 /* TranslationClient.swift */; };
		2BD8D35824C831270099C575 /* HTTPProvider.swift in Sources */ = {isa = PBXBuildFile; fileRef = 2BD8D35724C831270099C575 /* HTTPProvider.swift */; };
		2BD8D36E24C8A1DE0099C575 /* CollectionRouter.swift in Sources */ = {isa = PBXBuildFile; fileRef = 2BD8D36D24C8A1DE0099C575 /* CollectionRouter.swift */; };
		2BD8D37124C8A8050099C575 /* ImagePickerRouter.swift in Sources */ = {isa = PBXBuildFile; fileRef = 2BD8D37024C8A8050099C575 /* ImagePickerRouter.swift */; };
		2BD8D3CD24CEAE530099C575 /* DetailProtocols.swift in Sources */ = {isa = PBXBuildFile; fileRef = 2BD8D3CC24CEAE530099C575 /* DetailProtocols.swift */; };
		2BD8D3CF24CEB0760099C575 /* DetailView.swift in Sources */ = {isa = PBXBuildFile; fileRef = 2BD8D3CE24CEB0760099C575 /* DetailView.swift */; };
		2BD8D3D124CEB0AC0099C575 /* DetailAssembly.swift in Sources */ = {isa = PBXBuildFile; fileRef = 2BD8D3D024CEB0AC0099C575 /* DetailAssembly.swift */; };
		2BD8D3D324CEB0FF0099C575 /* DetailPresenter.swift in Sources */ = {isa = PBXBuildFile; fileRef = 2BD8D3D224CEB0FF0099C575 /* DetailPresenter.swift */; };
		2BD8D3D524CEB12F0099C575 /* DetailInteractor.swift in Sources */ = {isa = PBXBuildFile; fileRef = 2BD8D3D424CEB12F0099C575 /* DetailInteractor.swift */; };
		2BD8D3D724CEB1B40099C575 /* DetailRouter.swift in Sources */ = {isa = PBXBuildFile; fileRef = 2BD8D3D624CEB1B40099C575 /* DetailRouter.swift */; };
		2BD8D3DA24CEB3CB0099C575 /* DetailCollectionSupervisor.swift in Sources */ = {isa = PBXBuildFile; fileRef = 2BD8D3D924CEB3CB0099C575 /* DetailCollectionSupervisor.swift */; };
		2BD8D3DC24CEB5D60099C575 /* CollectionHeaderReusableView.swift in Sources */ = {isa = PBXBuildFile; fileRef = 2BD8D3DB24CEB5D60099C575 /* CollectionHeaderReusableView.swift */; };
		2BD8D3DE24CEB9E90099C575 /* DetailCollectionViewCell.swift in Sources */ = {isa = PBXBuildFile; fileRef = 2BD8D3DD24CEB9E90099C575 /* DetailCollectionViewCell.swift */; };
		2BD8D3E524CF13E60099C575 /* NavigationBarDelegate.swift in Sources */ = {isa = PBXBuildFile; fileRef = 2BD8D3E424CF13E60099C575 /* NavigationBarDelegate.swift */; };
		2BD8D3E724CF14150099C575 /* DefaultNavigationBar.swift in Sources */ = {isa = PBXBuildFile; fileRef = 2BD8D3E624CF14150099C575 /* DefaultNavigationBar.swift */; };
		2BE3AB5D24B601A200EFAFA0 /* Storage.swift in Sources */ = {isa = PBXBuildFile; fileRef = 2BE3AB5C24B601A200EFAFA0 /* Storage.swift */; };
		2BE3AB5F24B602D400EFAFA0 /* PresentationStyle.swift in Sources */ = {isa = PBXBuildFile; fileRef = 2BE3AB5E24B602D400EFAFA0 /* PresentationStyle.swift */; };
		2BE61E3324B4A43D007F9C19 /* ImageCollectionViewCell.swift in Sources */ = {isa = PBXBuildFile; fileRef = 2BE61E3224B4A43D007F9C19 /* ImageCollectionViewCell.swift */; };
/* End PBXBuildFile section */

/* Begin PBXFileReference section */
		2B46C51B24D2AA0800CA143E /* SettingsProtocol.swift */ = {isa = PBXFileReference; lastKnownFileType = sourcecode.swift; path = SettingsProtocol.swift; sourceTree = "<group>"; };
		2B46C51D24D2AB6E00CA143E /* SettingsRouter.swift */ = {isa = PBXFileReference; lastKnownFileType = sourcecode.swift; path = SettingsRouter.swift; sourceTree = "<group>"; };
		2B46C51F24D2AB8E00CA143E /* SettingsPresenter.swift */ = {isa = PBXFileReference; lastKnownFileType = sourcecode.swift; path = SettingsPresenter.swift; sourceTree = "<group>"; };
		2B46C52124D2ABF600CA143E /* SettingsInteractor.swift */ = {isa = PBXFileReference; lastKnownFileType = sourcecode.swift; path = SettingsInteractor.swift; sourceTree = "<group>"; };
		2B46C52324D2AC2200CA143E /* SettingsAssembly.swift */ = {isa = PBXFileReference; lastKnownFileType = sourcecode.swift; path = SettingsAssembly.swift; sourceTree = "<group>"; };
		2B46C52524D2B8B500CA143E /* TableViewSupervisor.swift */ = {isa = PBXFileReference; lastKnownFileType = sourcecode.swift; path = TableViewSupervisor.swift; sourceTree = "<group>"; };
		2B46C52724D2B91A00CA143E /* ViewModel.swift */ = {isa = PBXFileReference; lastKnownFileType = sourcecode.swift; path = ViewModel.swift; sourceTree = "<group>"; };
		2B46C52924D2CAF400CA143E /* TableViewCell.swift */ = {isa = PBXFileReference; lastKnownFileType = sourcecode.swift; path = TableViewCell.swift; sourceTree = "<group>"; };
		2B46C53324D2E33400CA143E /* DetailSettingsProtocol.swift */ = {isa = PBXFileReference; lastKnownFileType = sourcecode.swift; path = DetailSettingsProtocol.swift; sourceTree = "<group>"; };
		2B46C53524D2E38F00CA143E /* DetailSettingsView.swift */ = {isa = PBXFileReference; lastKnownFileType = sourcecode.swift; path = DetailSettingsView.swift; sourceTree = "<group>"; };
		2B46C53724D2E3C100CA143E /* DetailSettingsRouter.swift */ = {isa = PBXFileReference; lastKnownFileType = sourcecode.swift; path = DetailSettingsRouter.swift; sourceTree = "<group>"; };
		2B46C53924D2E41B00CA143E /* DetailSettingsPresenter.swift */ = {isa = PBXFileReference; lastKnownFileType = sourcecode.swift; path = DetailSettingsPresenter.swift; sourceTree = "<group>"; };
		2B46C53B24D2E46900CA143E /* DetailSettingsInteractor.swift */ = {isa = PBXFileReference; lastKnownFileType = sourcecode.swift; path = DetailSettingsInteractor.swift; sourceTree = "<group>"; };
		2B46C53D24D2E6E800CA143E /* DetailTableSupervisor.swift */ = {isa = PBXFileReference; lastKnownFileType = sourcecode.swift; path = DetailTableSupervisor.swift; sourceTree = "<group>"; };
		2B46C53F24D2E7A500CA143E /* DetailSettingsAssembly.swift */ = {isa = PBXFileReference; lastKnownFileType = sourcecode.swift; path = DetailSettingsAssembly.swift; sourceTree = "<group>"; };
		2B46C54124D2E84D00CA143E /* LanguageCellViewModel.swift */ = {isa = PBXFileReference; lastKnownFileType = sourcecode.swift; path = LanguageCellViewModel.swift; sourceTree = "<group>"; };
		2B46C54324D2EA9500CA143E /* TableViewCell+.swift */ = {isa = PBXFileReference; lastKnownFileType = sourcecode.swift; path = "TableViewCell+.swift"; sourceTree = "<group>"; };
		2B46C54524D309B500CA143E /* SettingsList.swift */ = {isa = PBXFileReference; lastKnownFileType = sourcecode.swift; path = SettingsList.swift; sourceTree = "<group>"; };
		2B46C55024D578D900CA143E /* CoreDataStore.swift */ = {isa = PBXFileReference; lastKnownFileType = sourcecode.swift; path = CoreDataStore.swift; sourceTree = "<group>"; };
		2B46C55324D5798800CA143E /* PhotationCoreData.xcdatamodel */ = {isa = PBXFileReference; lastKnownFileType = wrapper.xcdatamodel; path = PhotationCoreData.xcdatamodel; sourceTree = "<group>"; };
		2B46C57624D5A74B00CA143E /* DataStore.swift */ = {isa = PBXFileReference; lastKnownFileType = sourcecode.swift; path = DataStore.swift; sourceTree = "<group>"; };
		2B46C57824D5AA7A00CA143E /* DataConverter.swift */ = {isa = PBXFileReference; lastKnownFileType = sourcecode.swift; path = DataConverter.swift; sourceTree = "<group>"; };
		2B46C57A24D5ACF500CA143E /* UIColor+.swift */ = {isa = PBXFileReference; lastKnownFileType = sourcecode.swift; path = "UIColor+.swift"; sourceTree = "<group>"; };
		2B46C59824DBE56E00CA143E /* ImageEntity+CoreDataClass.swift */ = {isa = PBXFileReference; lastKnownFileType = sourcecode.swift; path = "ImageEntity+CoreDataClass.swift"; sourceTree = "<group>"; };
		2B46C59924DBE56E00CA143E /* ImageEntity+CoreDataProperties.swift */ = {isa = PBXFileReference; lastKnownFileType = sourcecode.swift; path = "ImageEntity+CoreDataProperties.swift"; sourceTree = "<group>"; };
		2B46C59C24DC013400CA143E /* GlobalConstants.swift */ = {isa = PBXFileReference; lastKnownFileType = sourcecode.swift; path = GlobalConstants.swift; sourceTree = "<group>"; };
		2B46C5A524DC360700CA143E /* FavoriteAssembly.swift */ = {isa = PBXFileReference; lastKnownFileType = sourcecode.swift; path = FavoriteAssembly.swift; sourceTree = "<group>"; };
		2B46C5A724DC361500CA143E /* FavoriteRouter.swift */ = {isa = PBXFileReference; lastKnownFileType = sourcecode.swift; path = FavoriteRouter.swift; sourceTree = "<group>"; };
		2B46C5A924DC364200CA143E /* FavoritePresenter.swift */ = {isa = PBXFileReference; lastKnownFileType = sourcecode.swift; path = FavoritePresenter.swift; sourceTree = "<group>"; };
		2B46C5AB24DC383F00CA143E /* FavoriteInteractor.swift */ = {isa = PBXFileReference; lastKnownFileType = sourcecode.swift; path = FavoriteInteractor.swift; sourceTree = "<group>"; };
		2B46C5AD24DC385700CA143E /* FavoriteProtocols.swift */ = {isa = PBXFileReference; lastKnownFileType = sourcecode.swift; path = FavoriteProtocols.swift; sourceTree = "<group>"; };
		2B46C5B024DC396200CA143E /* FavoriteObject.swift */ = {isa = PBXFileReference; lastKnownFileType = sourcecode.swift; path = FavoriteObject.swift; sourceTree = "<group>"; };
		2B5125D624D016BB00021937 /* ImageHandler.swift */ = {isa = PBXFileReference; lastKnownFileType = sourcecode.swift; path = ImageHandler.swift; sourceTree = "<group>"; };
		2B5125D924D0210A00021937 /* Translator.swift */ = {isa = PBXFileReference; lastKnownFileType = sourcecode.swift; path = Translator.swift; sourceTree = "<group>"; };
		2B5125DB24D02BFC00021937 /* ThreadSafetyDictionary.swift */ = {isa = PBXFileReference; lastKnownFileType = sourcecode.swift; path = ThreadSafetyDictionary.swift; sourceTree = "<group>"; };
		2B5125DE24D04C6700021937 /* Language.swift */ = {isa = PBXFileReference; lastKnownFileType = sourcecode.swift; path = Language.swift; sourceTree = "<group>"; };
		2B5125E124D0506900021937 /* SpinnerViewController.swift */ = {isa = PBXFileReference; lastKnownFileType = sourcecode.swift; path = SpinnerViewController.swift; sourceTree = "<group>"; };
		2B51260B24D0645300021937 /* UserSettings.swift */ = {isa = PBXFileReference; lastKnownFileType = sourcecode.swift; path = UserSettings.swift; sourceTree = "<group>"; };
		2B51260E24D0660900021937 /* ImageHandlerAndTranslationWorker.swift */ = {isa = PBXFileReference; lastKnownFileType = sourcecode.swift; path = ImageHandlerAndTranslationWorker.swift; sourceTree = "<group>"; };
		2B55DBAA24E2DE35008A70F8 /* ObjectEntity+CoreDataClass.swift */ = {isa = PBXFileReference; lastKnownFileType = sourcecode.swift; path = "ObjectEntity+CoreDataClass.swift"; sourceTree = "<group>"; };
		2B55DBAB24E2DE35008A70F8 /* ObjectEntity+CoreDataProperties.swift */ = {isa = PBXFileReference; lastKnownFileType = sourcecode.swift; path = "ObjectEntity+CoreDataProperties.swift"; sourceTree = "<group>"; };
		2B676D8324EBB98900AC4BB8 /* RememberCollectionViewSupervisor.swift */ = {isa = PBXFileReference; lastKnownFileType = sourcecode.swift; path = RememberCollectionViewSupervisor.swift; sourceTree = "<group>"; };
		2B676D8524EBBA6800AC4BB8 /* RememberCollectionViewCell.swift */ = {isa = PBXFileReference; lastKnownFileType = sourcecode.swift; path = RememberCollectionViewCell.swift; sourceTree = "<group>"; };
		2B676D8924EBD6A100AC4BB8 /* CollectionViewActionsDelegate.swift */ = {isa = PBXFileReference; lastKnownFileType = sourcecode.swift; path = CollectionViewActionsDelegate.swift; sourceTree = "<group>"; };
		2B676D8C24EBDD8D00AC4BB8 /* RememberFooterView.swift */ = {isa = PBXFileReference; lastKnownFileType = sourcecode.swift; path = RememberFooterView.swift; sourceTree = "<group>"; };
		2B676D8E24EC0B7200AC4BB8 /* FooterModel.swift */ = {isa = PBXFileReference; lastKnownFileType = sourcecode.swift; path = FooterModel.swift; sourceTree = "<group>"; };
		2B676D9024EC2BC900AC4BB8 /* RememberHeaderView.swift */ = {isa = PBXFileReference; lastKnownFileType = sourcecode.swift; path = RememberHeaderView.swift; sourceTree = "<group>"; };
		2B676DB824F02E7400AC4BB8 /* ImageReusableView.swift */ = {isa = PBXFileReference; lastKnownFileType = sourcecode.swift; path = ImageReusableView.swift; sourceTree = "<group>"; };
		2B676DBA24F3CA8100AC4BB8 /* Languages.plist */ = {isa = PBXFileReference; lastKnownFileType = text.plist.xml; path = Languages.plist; sourceTree = "<group>"; };
		2B676DBD24F3E55A00AC4BB8 /* LanguageProvider.swift */ = {isa = PBXFileReference; lastKnownFileType = sourcecode.swift; path = LanguageProvider.swift; sourceTree = "<group>"; };
		2B6BC11224AB0FE400ED4125 /* Photation.app */ = {isa = PBXFileReference; explicitFileType = wrapper.application; includeInIndex = 0; path = Photation.app; sourceTree = BUILT_PRODUCTS_DIR; };
		2B6BC11524AB0FE400ED4125 /* AppDelegate.swift */ = {isa = PBXFileReference; lastKnownFileType = sourcecode.swift; path = AppDelegate.swift; sourceTree = "<group>"; };
		2B6BC11E24AB0FE500ED4125 /* Assets.xcassets */ = {isa = PBXFileReference; lastKnownFileType = folder.assetcatalog; path = Assets.xcassets; sourceTree = "<group>"; };
		2B6BC12124AB0FE500ED4125 /* Base */ = {isa = PBXFileReference; lastKnownFileType = file.storyboard; name = Base; path = Base.lproj/LaunchScreen.storyboard; sourceTree = "<group>"; };
		2B6BC12324AB0FE500ED4125 /* Info.plist */ = {isa = PBXFileReference; lastKnownFileType = text.plist.xml; path = Info.plist; sourceTree = "<group>"; };
		2B6BC13624AF45B500ED4125 /* CollectionView.swift */ = {isa = PBXFileReference; lastKnownFileType = sourcecode.swift; path = CollectionView.swift; sourceTree = "<group>"; };
		2B6BC13824AF45C400ED4125 /* FavoriteView.swift */ = {isa = PBXFileReference; lastKnownFileType = sourcecode.swift; path = FavoriteView.swift; sourceTree = "<group>"; };
		2B6BC13A24AF45DD00ED4125 /* ImagePickerView.swift */ = {isa = PBXFileReference; lastKnownFileType = sourcecode.swift; path = ImagePickerView.swift; sourceTree = "<group>"; };
		2B6BC13C24AF45EB00ED4125 /* SettingsView.swift */ = {isa = PBXFileReference; lastKnownFileType = sourcecode.swift; path = SettingsView.swift; sourceTree = "<group>"; };
		2B6BC13E24AF468E00ED4125 /* MainTabBarController.swift */ = {isa = PBXFileReference; lastKnownFileType = sourcecode.swift; path = MainTabBarController.swift; sourceTree = "<group>"; };
		2B80002124BDA628004D1A12 /* TableStyleHeaderReusableView.swift */ = {isa = PBXFileReference; lastKnownFileType = sourcecode.swift; path = TableStyleHeaderReusableView.swift; sourceTree = "<group>"; };
		2B80002324BDFB41004D1A12 /* ListCollectionViewCell.swift */ = {isa = PBXFileReference; lastKnownFileType = sourcecode.swift; path = ListCollectionViewCell.swift; sourceTree = "<group>"; };
		2B80002B24C039E2004D1A12 /* CollectionProtocols.swift */ = {isa = PBXFileReference; lastKnownFileType = sourcecode.swift; path = CollectionProtocols.swift; sourceTree = "<group>"; };
		2B80002D24C04065004D1A12 /* CollectionPresenter.swift */ = {isa = PBXFileReference; lastKnownFileType = sourcecode.swift; path = CollectionPresenter.swift; sourceTree = "<group>"; };
		2B80002F24C0408A004D1A12 /* CollectionInteractor.swift */ = {isa = PBXFileReference; lastKnownFileType = sourcecode.swift; path = CollectionInteractor.swift; sourceTree = "<group>"; };
		2B80003124C040A9004D1A12 /* CollectionAssembly.swift */ = {isa = PBXFileReference; lastKnownFileType = sourcecode.swift; path = CollectionAssembly.swift; sourceTree = "<group>"; };
		2B80003D24C375E2004D1A12 /* ImagePickerAssembly.swift */ = {isa = PBXFileReference; lastKnownFileType = sourcecode.swift; path = ImagePickerAssembly.swift; sourceTree = "<group>"; };
		2B80003F24C3760B004D1A12 /* ImagePickerPresenter.swift */ = {isa = PBXFileReference; lastKnownFileType = sourcecode.swift; path = ImagePickerPresenter.swift; sourceTree = "<group>"; };
		2B80004124C3761B004D1A12 /* ImagePickerInteractor.swift */ = {isa = PBXFileReference; lastKnownFileType = sourcecode.swift; path = ImagePickerInteractor.swift; sourceTree = "<group>"; };
		2B80004324C37630004D1A12 /* ImagePickerProtocols.swift */ = {isa = PBXFileReference; lastKnownFileType = sourcecode.swift; path = ImagePickerProtocols.swift; sourceTree = "<group>"; };
		2B80004924C6D5C9004D1A12 /* CloudMersiveClient.swift */ = {isa = PBXFileReference; lastKnownFileType = sourcecode.swift; path = CloudMersiveClient.swift; sourceTree = "<group>"; };
		2B80004B24C6D6C0004D1A12 /* CloudMersiveResponse.swift */ = {isa = PBXFileReference; lastKnownFileType = sourcecode.swift; path = CloudMersiveResponse.swift; sourceTree = "<group>"; };
		2B9B123824E4033300646455 /* SettingsStore.swift */ = {isa = PBXFileReference; lastKnownFileType = sourcecode.swift; path = SettingsStore.swift; sourceTree = "<group>"; };
		2B9B124024E5308B00646455 /* LocalizedString.swift */ = {isa = PBXFileReference; lastKnownFileType = sourcecode.swift; path = LocalizedString.swift; sourceTree = "<group>"; };
		2B9B124A24EA9AD900646455 /* RememberProtocols.swift */ = {isa = PBXFileReference; lastKnownFileType = sourcecode.swift; path = RememberProtocols.swift; sourceTree = "<group>"; };
		2B9B124C24EA9AE700646455 /* RememberInteractor.swift */ = {isa = PBXFileReference; lastKnownFileType = sourcecode.swift; path = RememberInteractor.swift; sourceTree = "<group>"; };
		2B9B124E24EA9AF600646455 /* RememberPresenter.swift */ = {isa = PBXFileReference; lastKnownFileType = sourcecode.swift; path = RememberPresenter.swift; sourceTree = "<group>"; };
		2B9B125024EA9B0900646455 /* RememberView.swift */ = {isa = PBXFileReference; lastKnownFileType = sourcecode.swift; path = RememberView.swift; sourceTree = "<group>"; };
		2B9B125224EA9B1B00646455 /* RememberRouter.swift */ = {isa = PBXFileReference; lastKnownFileType = sourcecode.swift; path = RememberRouter.swift; sourceTree = "<group>"; };
		2B9B125424EA9B2A00646455 /* RememberAssembly.swift */ = {isa = PBXFileReference; lastKnownFileType = sourcecode.swift; path = RememberAssembly.swift; sourceTree = "<group>"; };
		2B9B125624EAB0A600646455 /* RememberObjects.swift */ = {isa = PBXFileReference; lastKnownFileType = sourcecode.swift; path = RememberObjects.swift; sourceTree = "<group>"; };
		2B9EF09824B89F98001CCEA3 /* CollectionViewDelegatesFlowLayout.swift */ = {isa = PBXFileReference; lastKnownFileType = sourcecode.swift; path = CollectionViewDelegatesFlowLayout.swift; sourceTree = "<group>"; };
		2BAD878124B4A8AB00F0DAC0 /* MainNavigationBar.swift */ = {isa = PBXFileReference; lastKnownFileType = sourcecode.swift; path = MainNavigationBar.swift; sourceTree = "<group>"; };
		2BD8D35324C830DB0099C575 /* TranslationResponse.swift */ = {isa = PBXFileReference; lastKnownFileType = sourcecode.swift; path = TranslationResponse.swift; sourceTree = "<group>"; };
		2BD8D35524C830EF0099C575 /* TranslationClient.swift */ = {isa = PBXFileReference; lastKnownFileType = sourcecode.swift; path = TranslationClient.swift; sourceTree = "<group>"; };
		2BD8D35724C831270099C575 /* HTTPProvider.swift */ = {isa = PBXFileReference; lastKnownFileType = sourcecode.swift; path = HTTPProvider.swift; sourceTree = "<group>"; };
		2BD8D36D24C8A1DE0099C575 /* CollectionRouter.swift */ = {isa = PBXFileReference; lastKnownFileType = sourcecode.swift; path = CollectionRouter.swift; sourceTree = "<group>"; };
		2BD8D37024C8A8050099C575 /* ImagePickerRouter.swift */ = {isa = PBXFileReference; lastKnownFileType = sourcecode.swift; path = ImagePickerRouter.swift; sourceTree = "<group>"; };
		2BD8D3CC24CEAE530099C575 /* DetailProtocols.swift */ = {isa = PBXFileReference; lastKnownFileType = sourcecode.swift; path = DetailProtocols.swift; sourceTree = "<group>"; };
		2BD8D3CE24CEB0760099C575 /* DetailView.swift */ = {isa = PBXFileReference; lastKnownFileType = sourcecode.swift; path = DetailView.swift; sourceTree = "<group>"; };
		2BD8D3D024CEB0AC0099C575 /* DetailAssembly.swift */ = {isa = PBXFileReference; lastKnownFileType = sourcecode.swift; path = DetailAssembly.swift; sourceTree = "<group>"; };
		2BD8D3D224CEB0FF0099C575 /* DetailPresenter.swift */ = {isa = PBXFileReference; lastKnownFileType = sourcecode.swift; path = DetailPresenter.swift; sourceTree = "<group>"; };
		2BD8D3D424CEB12F0099C575 /* DetailInteractor.swift */ = {isa = PBXFileReference; lastKnownFileType = sourcecode.swift; path = DetailInteractor.swift; sourceTree = "<group>"; };
		2BD8D3D624CEB1B40099C575 /* DetailRouter.swift */ = {isa = PBXFileReference; lastKnownFileType = sourcecode.swift; path = DetailRouter.swift; sourceTree = "<group>"; };
		2BD8D3D924CEB3CB0099C575 /* DetailCollectionSupervisor.swift */ = {isa = PBXFileReference; lastKnownFileType = sourcecode.swift; path = DetailCollectionSupervisor.swift; sourceTree = "<group>"; };
		2BD8D3DB24CEB5D60099C575 /* CollectionHeaderReusableView.swift */ = {isa = PBXFileReference; lastKnownFileType = sourcecode.swift; path = CollectionHeaderReusableView.swift; sourceTree = "<group>"; };
		2BD8D3DD24CEB9E90099C575 /* DetailCollectionViewCell.swift */ = {isa = PBXFileReference; lastKnownFileType = sourcecode.swift; path = DetailCollectionViewCell.swift; sourceTree = "<group>"; };
		2BD8D3E424CF13E60099C575 /* NavigationBarDelegate.swift */ = {isa = PBXFileReference; lastKnownFileType = sourcecode.swift; path = NavigationBarDelegate.swift; sourceTree = "<group>"; };
		2BD8D3E624CF14150099C575 /* DefaultNavigationBar.swift */ = {isa = PBXFileReference; lastKnownFileType = sourcecode.swift; path = DefaultNavigationBar.swift; sourceTree = "<group>"; };
		2BE3AB5C24B601A200EFAFA0 /* Storage.swift */ = {isa = PBXFileReference; lastKnownFileType = sourcecode.swift; path = Storage.swift; sourceTree = "<group>"; };
		2BE3AB5E24B602D400EFAFA0 /* PresentationStyle.swift */ = {isa = PBXFileReference; lastKnownFileType = sourcecode.swift; path = PresentationStyle.swift; sourceTree = "<group>"; };
		2BE61E3224B4A43D007F9C19 /* ImageCollectionViewCell.swift */ = {isa = PBXFileReference; lastKnownFileType = sourcecode.swift; path = ImageCollectionViewCell.swift; sourceTree = "<group>"; };
		2BE61E3524B4A7F9007F9C19 /* CollectionViewSupervisor.swift */ = {isa = PBXFileReference; lastKnownFileType = sourcecode.swift; path = CollectionViewSupervisor.swift; sourceTree = "<group>"; };
/* End PBXFileReference section */

/* Begin PBXFrameworksBuildPhase section */
		2B6BC10F24AB0FE400ED4125 /* Frameworks */ = {
			isa = PBXFrameworksBuildPhase;
			buildActionMask = 2147483647;
			files = (
				2B80004724C6CEB6004D1A12 /* GUNetworkLayer in Frameworks */,
			);
			runOnlyForDeploymentPostprocessing = 0;
		};
/* End PBXFrameworksBuildPhase section */

/* Begin PBXGroup section */
		2B46C51424D2A94C00CA143E /* Protocols */ = {
			isa = PBXGroup;
			children = (
				2B46C51B24D2AA0800CA143E /* SettingsProtocol.swift */,
			);
			path = Protocols;
			sourceTree = "<group>";
		};
		2B46C51524D2A95300CA143E /* Interactor */ = {
			isa = PBXGroup;
			children = (
				2B46C52124D2ABF600CA143E /* SettingsInteractor.swift */,
			);
			path = Interactor;
			sourceTree = "<group>";
		};
		2B46C51624D2A95A00CA143E /* Presenter */ = {
			isa = PBXGroup;
			children = (
				2B46C51F24D2AB8E00CA143E /* SettingsPresenter.swift */,
			);
			path = Presenter;
			sourceTree = "<group>";
		};
		2B46C51724D2A96300CA143E /* Entity */ = {
			isa = PBXGroup;
			children = (
			);
			path = Entity;
			sourceTree = "<group>";
		};
		2B46C51824D2A96B00CA143E /* Assembly */ = {
			isa = PBXGroup;
			children = (
				2B46C52324D2AC2200CA143E /* SettingsAssembly.swift */,
			);
			path = Assembly;
			sourceTree = "<group>";
		};
		2B46C51924D2A97300CA143E /* View */ = {
			isa = PBXGroup;
			children = (
				2B6BC13C24AF45EB00ED4125 /* SettingsView.swift */,
				2B46C52524D2B8B500CA143E /* TableViewSupervisor.swift */,
				2B46C52724D2B91A00CA143E /* ViewModel.swift */,
				2B46C52924D2CAF400CA143E /* TableViewCell.swift */,
			);
			path = View;
			sourceTree = "<group>";
		};
		2B46C51A24D2A97A00CA143E /* Router */ = {
			isa = PBXGroup;
			children = (
				2B46C51D24D2AB6E00CA143E /* SettingsRouter.swift */,
			);
			path = Router;
			sourceTree = "<group>";
		};
		2B46C52B24D2D1F200CA143E /* DetailSettings */ = {
			isa = PBXGroup;
			children = (
				2B46C53224D2E30F00CA143E /* Assembly */,
				2B46C53124D2E30A00CA143E /* Router */,
				2B46C53024D2E30500CA143E /* View */,
				2B46C52F24D2E2FE00CA143E /* Presenter */,
				2B46C52E24D2E2F300CA143E /* Interactor */,
				2B46C52D24D2E2E500CA143E /* Entity */,
				2B46C52C24D2E2DC00CA143E /* Protocols */,
			);
			path = DetailSettings;
			sourceTree = "<group>";
		};
		2B46C52C24D2E2DC00CA143E /* Protocols */ = {
			isa = PBXGroup;
			children = (
				2B46C53324D2E33400CA143E /* DetailSettingsProtocol.swift */,
			);
			path = Protocols;
			sourceTree = "<group>";
		};
		2B46C52D24D2E2E500CA143E /* Entity */ = {
			isa = PBXGroup;
			children = (
			);
			path = Entity;
			sourceTree = "<group>";
		};
		2B46C52E24D2E2F300CA143E /* Interactor */ = {
			isa = PBXGroup;
			children = (
				2B46C53B24D2E46900CA143E /* DetailSettingsInteractor.swift */,
			);
			path = Interactor;
			sourceTree = "<group>";
		};
		2B46C52F24D2E2FE00CA143E /* Presenter */ = {
			isa = PBXGroup;
			children = (
				2B46C53924D2E41B00CA143E /* DetailSettingsPresenter.swift */,
			);
			path = Presenter;
			sourceTree = "<group>";
		};
		2B46C53024D2E30500CA143E /* View */ = {
			isa = PBXGroup;
			children = (
				2B46C53524D2E38F00CA143E /* DetailSettingsView.swift */,
				2B46C53D24D2E6E800CA143E /* DetailTableSupervisor.swift */,
				2B46C54124D2E84D00CA143E /* LanguageCellViewModel.swift */,
				2B46C54324D2EA9500CA143E /* TableViewCell+.swift */,
			);
			path = View;
			sourceTree = "<group>";
		};
		2B46C53124D2E30A00CA143E /* Router */ = {
			isa = PBXGroup;
			children = (
				2B46C53724D2E3C100CA143E /* DetailSettingsRouter.swift */,
			);
			path = Router;
			sourceTree = "<group>";
		};
		2B46C53224D2E30F00CA143E /* Assembly */ = {
			isa = PBXGroup;
			children = (
				2B46C53F24D2E7A500CA143E /* DetailSettingsAssembly.swift */,
			);
			path = Assembly;
			sourceTree = "<group>";
		};
		2B46C54E24D5789900CA143E /* UI elements */ = {
			isa = PBXGroup;
			children = (
				2B5125E124D0506900021937 /* SpinnerViewController.swift */,
				2BD8D3E324CF138F0099C575 /* NavigationBars */,
			);
			path = "UI elements";
			sourceTree = "<group>";
		};
		2B46C54F24D578C000CA143E /* DataStore */ = {
			isa = PBXGroup;
			children = (
				2B46C57624D5A74B00CA143E /* DataStore.swift */,
				2B46C55024D578D900CA143E /* CoreDataStore.swift */,
				2B9B123824E4033300646455 /* SettingsStore.swift */,
				2B46C57C24D5AD9700CA143E /* DataConverter */,
			);
			path = DataStore;
			sourceTree = "<group>";
		};
		2B46C55524D5799500CA143E /* CoreData */ = {
			isa = PBXGroup;
			children = (
				2B46C55224D5798800CA143E /* PhotationCoreData.xcdatamodeld */,
			);
			path = CoreData;
			sourceTree = "<group>";
		};
		2B46C57C24D5AD9700CA143E /* DataConverter */ = {
			isa = PBXGroup;
			children = (
				2B46C57824D5AA7A00CA143E /* DataConverter.swift */,
				2B46C57A24D5ACF500CA143E /* UIColor+.swift */,
			);
			path = DataConverter;
			sourceTree = "<group>";
		};
		2B46C59724D94D8500CA143E /* Model */ = {
			isa = PBXGroup;
			children = (
				2B55DBAA24E2DE35008A70F8 /* ObjectEntity+CoreDataClass.swift */,
				2B55DBAB24E2DE35008A70F8 /* ObjectEntity+CoreDataProperties.swift */,
				2B46C59824DBE56E00CA143E /* ImageEntity+CoreDataClass.swift */,
				2B46C59924DBE56E00CA143E /* ImageEntity+CoreDataProperties.swift */,
			);
			path = Model;
			sourceTree = "<group>";
		};
		2B46C59F24DC35CF00CA143E /* Protocols */ = {
			isa = PBXGroup;
			children = (
				2B46C5AD24DC385700CA143E /* FavoriteProtocols.swift */,
			);
			path = Protocols;
			sourceTree = "<group>";
		};
		2B46C5A024DC35D700CA143E /* Interactor */ = {
			isa = PBXGroup;
			children = (
				2B46C5AB24DC383F00CA143E /* FavoriteInteractor.swift */,
			);
			path = Interactor;
			sourceTree = "<group>";
		};
		2B46C5A124DC35E000CA143E /* Presenter */ = {
			isa = PBXGroup;
			children = (
				2B46C5A924DC364200CA143E /* FavoritePresenter.swift */,
			);
			path = Presenter;
			sourceTree = "<group>";
		};
		2B46C5A224DC35E700CA143E /* View */ = {
			isa = PBXGroup;
			children = (
				2B6BC13824AF45C400ED4125 /* FavoriteView.swift */,
			);
			path = View;
			sourceTree = "<group>";
		};
		2B46C5A324DC35ED00CA143E /* Router */ = {
			isa = PBXGroup;
			children = (
				2B46C5A724DC361500CA143E /* FavoriteRouter.swift */,
			);
			path = Router;
			sourceTree = "<group>";
		};
		2B46C5A424DC35F300CA143E /* Assembly */ = {
			isa = PBXGroup;
			children = (
				2B46C5A524DC360700CA143E /* FavoriteAssembly.swift */,
			);
			path = Assembly;
			sourceTree = "<group>";
		};
		2B46C5AF24DC38C300CA143E /* Entity */ = {
			isa = PBXGroup;
			children = (
				2B46C5B024DC396200CA143E /* FavoriteObject.swift */,
			);
			path = Entity;
			sourceTree = "<group>";
		};
		2B5125D524D0169200021937 /* ImageHandler */ = {
			isa = PBXGroup;
			children = (
				2B5125D624D016BB00021937 /* ImageHandler.swift */,
			);
			path = ImageHandler;
			sourceTree = "<group>";
		};
		2B5125D824D020F600021937 /* Translator */ = {
			isa = PBXGroup;
			children = (
				2B5125D924D0210A00021937 /* Translator.swift */,
			);
			path = Translator;
			sourceTree = "<group>";
		};
		2B5125DD24D04C5800021937 /* Settings */ = {
			isa = PBXGroup;
			children = (
				2B5125DE24D04C6700021937 /* Language.swift */,
				2B676DBD24F3E55A00AC4BB8 /* LanguageProvider.swift */,
				2B46C54524D309B500CA143E /* SettingsList.swift */,
				2B51260B24D0645300021937 /* UserSettings.swift */,
				2B676DBA24F3CA8100AC4BB8 /* Languages.plist */,
			);
			path = Settings;
			sourceTree = "<group>";
		};
		2B51260D24D065C800021937 /* ImageHandlerAndTranslationWorker */ = {
			isa = PBXGroup;
			children = (
				2B51260E24D0660900021937 /* ImageHandlerAndTranslationWorker.swift */,
				2B5125D524D0169200021937 /* ImageHandler */,
				2B5125D824D020F600021937 /* Translator */,
			);
			path = ImageHandlerAndTranslationWorker;
			sourceTree = "<group>";
		};
		2B676D8B24EBDD6400AC4BB8 /* UI elements */ = {
			isa = PBXGroup;
			children = (
				2B676D9024EC2BC900AC4BB8 /* RememberHeaderView.swift */,
				2B676D8524EBBA6800AC4BB8 /* RememberCollectionViewCell.swift */,
				2B676D8C24EBDD8D00AC4BB8 /* RememberFooterView.swift */,
			);
			path = "UI elements";
			sourceTree = "<group>";
		};
		2B676DBC24F3CEC300AC4BB8 /* Entity */ = {
			isa = PBXGroup;
			children = (
			);
			path = Entity;
			sourceTree = "<group>";
		};
		2B6BC10924AB0FE400ED4125 = {
			isa = PBXGroup;
			children = (
				2B6BC11424AB0FE400ED4125 /* VTB_project */,
				2B6BC11324AB0FE400ED4125 /* Products */,
			);
			sourceTree = "<group>";
		};
		2B6BC11324AB0FE400ED4125 /* Products */ = {
			isa = PBXGroup;
			children = (
				2B6BC11224AB0FE400ED4125 /* Photation.app */,
			);
			name = Products;
			sourceTree = "<group>";
		};
		2B6BC11424AB0FE400ED4125 /* VTB_project */ = {
			isa = PBXGroup;
			children = (
				2B6BC12324AB0FE500ED4125 /* Info.plist */,
				2B6BC12F24AF425900ED4125 /* Modules */,
				2B6BC13024AF426F00ED4125 /* Application */,
				2B6BC13124AF428B00ED4125 /* Resources */,
				2B6BC12024AB0FE500ED4125 /* LaunchScreen.storyboard */,
			);
			path = VTB_project;
			sourceTree = "<group>";
		};
		2B6BC12F24AF425900ED4125 /* Modules */ = {
			isa = PBXGroup;
			children = (
				2B6BC13224AF454900ED4125 /* Collection */,
				2BD8D3C424CEADF30099C575 /* Detail */,
				2B6BC13424AF456F00ED4125 /* ImagePicker */,
				2B6BC13324AF455400ED4125 /* Favorite */,
				2B9B124224EA9A7300646455 /* Remember */,
				2B6BC13524AF457700ED4125 /* Settings */,
				2B46C52B24D2D1F200CA143E /* DetailSettings */,
				2BAD878324B4A8BB00F0DAC0 /* Services */,
			);
			path = Modules;
			sourceTree = "<group>";
		};
		2B6BC13024AF426F00ED4125 /* Application */ = {
			isa = PBXGroup;
			children = (
				2B46C59724D94D8500CA143E /* Model */,
				2B5125DD24D04C5800021937 /* Settings */,
				2B6BC11524AB0FE400ED4125 /* AppDelegate.swift */,
			);
			path = Application;
			sourceTree = "<group>";
		};
		2B6BC13124AF428B00ED4125 /* Resources */ = {
			isa = PBXGroup;
			children = (
				2B6BC13E24AF468E00ED4125 /* MainTabBarController.swift */,
				2B46C55524D5799500CA143E /* CoreData */,
				2B6BC11E24AB0FE500ED4125 /* Assets.xcassets */,
			);
			path = Resources;
			sourceTree = "<group>";
		};
		2B6BC13224AF454900ED4125 /* Collection */ = {
			isa = PBXGroup;
			children = (
				2B80002924C0395F004D1A12 /* Assembly */,
				2BD8D36C24C8A1D00099C575 /* Router */,
				2B80002524C0393B004D1A12 /* View */,
				2B80002724C03951004D1A12 /* Presenter */,
				2B80002624C03946004D1A12 /* Interactor */,
				2B80002824C03958004D1A12 /* Entity */,
				2B80002A24C039C3004D1A12 /* Protocols */,
			);
			path = Collection;
			sourceTree = "<group>";
		};
		2B6BC13324AF455400ED4125 /* Favorite */ = {
			isa = PBXGroup;
			children = (
				2B46C5A424DC35F300CA143E /* Assembly */,
				2B46C5A324DC35ED00CA143E /* Router */,
				2B46C5A224DC35E700CA143E /* View */,
				2B46C5A124DC35E000CA143E /* Presenter */,
				2B46C5A024DC35D700CA143E /* Interactor */,
				2B46C59F24DC35CF00CA143E /* Protocols */,
				2B46C5AF24DC38C300CA143E /* Entity */,
			);
			path = Favorite;
			sourceTree = "<group>";
		};
		2B6BC13424AF456F00ED4125 /* ImagePicker */ = {
			isa = PBXGroup;
			children = (
				2B80003824C3755F004D1A12 /* Assembly */,
				2BD8D36F24C8A7F20099C575 /* Router */,
				2B80003724C3754C004D1A12 /* View */,
				2B80003A24C37571004D1A12 /* Presenter */,
				2B80003B24C37578004D1A12 /* Interactor */,
				2B80003924C37568004D1A12 /* Entity */,
				2B80003C24C3757E004D1A12 /* Protocols */,
			);
			path = ImagePicker;
			sourceTree = "<group>";
		};
		2B6BC13524AF457700ED4125 /* Settings */ = {
			isa = PBXGroup;
			children = (
				2B46C51824D2A96B00CA143E /* Assembly */,
				2B46C51A24D2A97A00CA143E /* Router */,
				2B46C51924D2A97300CA143E /* View */,
				2B46C51624D2A95A00CA143E /* Presenter */,
				2B46C51524D2A95300CA143E /* Interactor */,
				2B46C51724D2A96300CA143E /* Entity */,
				2B46C51424D2A94C00CA143E /* Protocols */,
			);
			path = Settings;
			sourceTree = "<group>";
		};
		2B80002524C0393B004D1A12 /* View */ = {
			isa = PBXGroup;
			children = (
				2B6BC13624AF45B500ED4125 /* CollectionView.swift */,
				2BE61E3424B4A7E7007F9C19 /* CollectionViewManager */,
			);
			path = View;
			sourceTree = "<group>";
		};
		2B80002624C03946004D1A12 /* Interactor */ = {
			isa = PBXGroup;
			children = (
				2B80002F24C0408A004D1A12 /* CollectionInteractor.swift */,
			);
			path = Interactor;
			sourceTree = "<group>";
		};
		2B80002724C03951004D1A12 /* Presenter */ = {
			isa = PBXGroup;
			children = (
				2B80002D24C04065004D1A12 /* CollectionPresenter.swift */,
			);
			path = Presenter;
			sourceTree = "<group>";
		};
		2B80002824C03958004D1A12 /* Entity */ = {
			isa = PBXGroup;
			children = (
				2BE3AB5C24B601A200EFAFA0 /* Storage.swift */,
			);
			path = Entity;
			sourceTree = "<group>";
		};
		2B80002924C0395F004D1A12 /* Assembly */ = {
			isa = PBXGroup;
			children = (
				2B80003124C040A9004D1A12 /* CollectionAssembly.swift */,
			);
			path = Assembly;
			sourceTree = "<group>";
		};
		2B80002A24C039C3004D1A12 /* Protocols */ = {
			isa = PBXGroup;
			children = (
				2B80002B24C039E2004D1A12 /* CollectionProtocols.swift */,
			);
			path = Protocols;
			sourceTree = "<group>";
		};
		2B80003324C0474E004D1A12 /* UI collection elements */ = {
			isa = PBXGroup;
			children = (
				2B80002124BDA628004D1A12 /* TableStyleHeaderReusableView.swift */,
				2BE61E3224B4A43D007F9C19 /* ImageCollectionViewCell.swift */,
				2B80002324BDFB41004D1A12 /* ListCollectionViewCell.swift */,
			);
			path = "UI collection elements";
			sourceTree = "<group>";
		};
		2B80003724C3754C004D1A12 /* View */ = {
			isa = PBXGroup;
			children = (
				2B6BC13A24AF45DD00ED4125 /* ImagePickerView.swift */,
			);
			path = View;
			sourceTree = "<group>";
		};
		2B80003824C3755F004D1A12 /* Assembly */ = {
			isa = PBXGroup;
			children = (
				2B80003D24C375E2004D1A12 /* ImagePickerAssembly.swift */,
			);
			path = Assembly;
			sourceTree = "<group>";
		};
		2B80003924C37568004D1A12 /* Entity */ = {
			isa = PBXGroup;
			children = (
			);
			path = Entity;
			sourceTree = "<group>";
		};
		2B80003A24C37571004D1A12 /* Presenter */ = {
			isa = PBXGroup;
			children = (
				2B80003F24C3760B004D1A12 /* ImagePickerPresenter.swift */,
			);
			path = Presenter;
			sourceTree = "<group>";
		};
		2B80003B24C37578004D1A12 /* Interactor */ = {
			isa = PBXGroup;
			children = (
				2B80004124C3761B004D1A12 /* ImagePickerInteractor.swift */,
			);
			path = Interactor;
			sourceTree = "<group>";
		};
		2B80003C24C3757E004D1A12 /* Protocols */ = {
			isa = PBXGroup;
			children = (
				2B80004324C37630004D1A12 /* ImagePickerProtocols.swift */,
			);
			path = Protocols;
			sourceTree = "<group>";
		};
		2B80004824C6D5A1004D1A12 /* Networking */ = {
			isa = PBXGroup;
			children = (
				2B51260D24D065C800021937 /* ImageHandlerAndTranslationWorker */,
				2BD8D35224C830C40099C575 /* GoogleTranslation */,
				2B80004D24C6D6C6004D1A12 /* CloudMersive */,
				2BD8D35724C831270099C575 /* HTTPProvider.swift */,
			);
			path = Networking;
			sourceTree = "<group>";
		};
		2B80004D24C6D6C6004D1A12 /* CloudMersive */ = {
			isa = PBXGroup;
			children = (
				2B80004B24C6D6C0004D1A12 /* CloudMersiveResponse.swift */,
				2B80004924C6D5C9004D1A12 /* CloudMersiveClient.swift */,
			);
			path = CloudMersive;
			sourceTree = "<group>";
		};
		2B9B124224EA9A7300646455 /* Remember */ = {
			isa = PBXGroup;
			children = (
				2B9B124924EA9AB700646455 /* Assembly */,
				2B9B124824EA9AAD00646455 /* Router */,
				2B9B124724EA9AA500646455 /* View */,
				2B9B124624EA9A9E00646455 /* Presenter */,
				2B9B124524EA9A9800646455 /* Interactor */,
				2B9B124424EA9A9000646455 /* Entity */,
				2B9B124324EA9A8900646455 /* Protocols */,
			);
			path = Remember;
			sourceTree = "<group>";
		};
		2B9B124324EA9A8900646455 /* Protocols */ = {
			isa = PBXGroup;
			children = (
				2B9B124A24EA9AD900646455 /* RememberProtocols.swift */,
			);
			path = Protocols;
			sourceTree = "<group>";
		};
		2B9B124424EA9A9000646455 /* Entity */ = {
			isa = PBXGroup;
			children = (
				2B9B125624EAB0A600646455 /* RememberObjects.swift */,
			);
			path = Entity;
			sourceTree = "<group>";
		};
		2B9B124524EA9A9800646455 /* Interactor */ = {
			isa = PBXGroup;
			children = (
				2B9B124C24EA9AE700646455 /* RememberInteractor.swift */,
			);
			path = Interactor;
			sourceTree = "<group>";
		};
		2B9B124624EA9A9E00646455 /* Presenter */ = {
			isa = PBXGroup;
			children = (
				2B9B124E24EA9AF600646455 /* RememberPresenter.swift */,
			);
			path = Presenter;
			sourceTree = "<group>";
		};
		2B9B124724EA9AA500646455 /* View */ = {
			isa = PBXGroup;
			children = (
				2B9B125024EA9B0900646455 /* RememberView.swift */,
				2B676D8324EBB98900AC4BB8 /* RememberCollectionViewSupervisor.swift */,
				2B676D8B24EBDD6400AC4BB8 /* UI elements */,
				2B676D8E24EC0B7200AC4BB8 /* FooterModel.swift */,
			);
			path = View;
			sourceTree = "<group>";
		};
		2B9B124824EA9AAD00646455 /* Router */ = {
			isa = PBXGroup;
			children = (
				2B9B125224EA9B1B00646455 /* RememberRouter.swift */,
			);
			path = Router;
			sourceTree = "<group>";
		};
		2B9B124924EA9AB700646455 /* Assembly */ = {
			isa = PBXGroup;
			children = (
				2B9B125424EA9B2A00646455 /* RememberAssembly.swift */,
			);
			path = Assembly;
			sourceTree = "<group>";
		};
		2BAD878324B4A8BB00F0DAC0 /* Services */ = {
			isa = PBXGroup;
			children = (
				2B46C54F24D578C000CA143E /* DataStore */,
				2B46C54E24D5789900CA143E /* UI elements */,
				2B80004824C6D5A1004D1A12 /* Networking */,
				2B5125DB24D02BFC00021937 /* ThreadSafetyDictionary.swift */,
				2B46C59C24DC013400CA143E /* GlobalConstants.swift */,
				2B9B124024E5308B00646455 /* LocalizedString.swift */,
			);
			path = Services;
			sourceTree = "<group>";
		};
		2BD8D35224C830C40099C575 /* GoogleTranslation */ = {
			isa = PBXGroup;
			children = (
				2BD8D35324C830DB0099C575 /* TranslationResponse.swift */,
				2BD8D35524C830EF0099C575 /* TranslationClient.swift */,
			);
			path = GoogleTranslation;
			sourceTree = "<group>";
		};
		2BD8D36C24C8A1D00099C575 /* Router */ = {
			isa = PBXGroup;
			children = (
				2BD8D36D24C8A1DE0099C575 /* CollectionRouter.swift */,
			);
			path = Router;
			sourceTree = "<group>";
		};
		2BD8D36F24C8A7F20099C575 /* Router */ = {
			isa = PBXGroup;
			children = (
				2BD8D37024C8A8050099C575 /* ImagePickerRouter.swift */,
			);
			path = Router;
			sourceTree = "<group>";
		};
		2BD8D3C424CEADF30099C575 /* Detail */ = {
			isa = PBXGroup;
			children = (
				2BD8D3C924CEAE290099C575 /* Assembly */,
				2BD8D3CB24CEAE340099C575 /* Router */,
				2BD8D3CA24CEAE2F0099C575 /* View */,
				2BD8D3C724CEAE140099C575 /* Presenter */,
				2BD8D3C624CEAE0C0099C575 /* Interactor */,
				2B676DBC24F3CEC300AC4BB8 /* Entity */,
				2BD8D3C524CEAE060099C575 /* Protocols */,
			);
			path = Detail;
			sourceTree = "<group>";
		};
		2BD8D3C524CEAE060099C575 /* Protocols */ = {
			isa = PBXGroup;
			children = (
				2BD8D3CC24CEAE530099C575 /* DetailProtocols.swift */,
			);
			path = Protocols;
			sourceTree = "<group>";
		};
		2BD8D3C624CEAE0C0099C575 /* Interactor */ = {
			isa = PBXGroup;
			children = (
				2BD8D3D424CEB12F0099C575 /* DetailInteractor.swift */,
			);
			path = Interactor;
			sourceTree = "<group>";
		};
		2BD8D3C724CEAE140099C575 /* Presenter */ = {
			isa = PBXGroup;
			children = (
				2BD8D3D224CEB0FF0099C575 /* DetailPresenter.swift */,
			);
			path = Presenter;
			sourceTree = "<group>";
		};
		2BD8D3C924CEAE290099C575 /* Assembly */ = {
			isa = PBXGroup;
			children = (
				2BD8D3D024CEB0AC0099C575 /* DetailAssembly.swift */,
			);
			path = Assembly;
			sourceTree = "<group>";
		};
		2BD8D3CA24CEAE2F0099C575 /* View */ = {
			isa = PBXGroup;
			children = (
				2BD8D3CE24CEB0760099C575 /* DetailView.swift */,
				2BD8D3D924CEB3CB0099C575 /* DetailCollectionSupervisor.swift */,
				2B676DB824F02E7400AC4BB8 /* ImageReusableView.swift */,
				2BD8D3D824CEB3A60099C575 /* UI collection elements */,
			);
			path = View;
			sourceTree = "<group>";
		};
		2BD8D3CB24CEAE340099C575 /* Router */ = {
			isa = PBXGroup;
			children = (
				2BD8D3D624CEB1B40099C575 /* DetailRouter.swift */,
			);
			path = Router;
			sourceTree = "<group>";
		};
		2BD8D3D824CEB3A60099C575 /* UI collection elements */ = {
			isa = PBXGroup;
			children = (
				2BD8D3DB24CEB5D60099C575 /* CollectionHeaderReusableView.swift */,
				2BD8D3DD24CEB9E90099C575 /* DetailCollectionViewCell.swift */,
			);
			path = "UI collection elements";
			sourceTree = "<group>";
		};
		2BD8D3E324CF138F0099C575 /* NavigationBars */ = {
			isa = PBXGroup;
			children = (
				2BAD878124B4A8AB00F0DAC0 /* MainNavigationBar.swift */,
				2BD8D3E424CF13E60099C575 /* NavigationBarDelegate.swift */,
				2BD8D3E624CF14150099C575 /* DefaultNavigationBar.swift */,
			);
			path = NavigationBars;
			sourceTree = "<group>";
		};
		2BD8D3E824CF1C540099C575 /* CollectionLayout */ = {
			isa = PBXGroup;
			children = (
				2B9EF09824B89F98001CCEA3 /* CollectionViewDelegatesFlowLayout.swift */,
				2B676D8924EBD6A100AC4BB8 /* CollectionViewActionsDelegate.swift */,
			);
			name = CollectionLayout;
			path = "UI collection elements";
			sourceTree = "<group>";
		};
		2BE61E3424B4A7E7007F9C19 /* CollectionViewManager */ = {
			isa = PBXGroup;
			children = (
				2BE3AB5E24B602D400EFAFA0 /* PresentationStyle.swift */,
				2BE61E3524B4A7F9007F9C19 /* CollectionViewSupervisor.swift */,
				2BD8D3E824CF1C540099C575 /* CollectionLayout */,
				2B80003324C0474E004D1A12 /* UI collection elements */,
			);
			path = CollectionViewManager;
			sourceTree = "<group>";
		};
/* End PBXGroup section */

/* Begin PBXNativeTarget section */
		2B6BC11124AB0FE400ED4125 /* VTB_project */ = {
			isa = PBXNativeTarget;
			buildConfigurationList = 2B6BC12624AB0FE500ED4125 /* Build configuration list for PBXNativeTarget "VTB_project" */;
			buildPhases = (
				2B6BC10E24AB0FE400ED4125 /* Sources */,
				2B6BC10F24AB0FE400ED4125 /* Frameworks */,
				2B6BC11024AB0FE400ED4125 /* Resources */,
			);
			buildRules = (
			);
			dependencies = (
			);
			name = VTB_project;
			packageProductDependencies = (
				2B80004624C6CEB6004D1A12 /* GUNetworkLayer */,
			);
			productName = VTB_project;
			productReference = 2B6BC11224AB0FE400ED4125 /* Photation.app */;
			productType = "com.apple.product-type.application";
		};
/* End PBXNativeTarget section */

/* Begin PBXProject section */
		2B6BC10A24AB0FE400ED4125 /* Project object */ = {
			isa = PBXProject;
			attributes = {
				LastSwiftUpdateCheck = 1150;
				LastUpgradeCheck = 1150;
				ORGANIZATIONNAME = "Gleb Uvarkin";
				TargetAttributes = {
					2B6BC11124AB0FE400ED4125 = {
						CreatedOnToolsVersion = 11.5;
					};
				};
			};
			buildConfigurationList = 2B6BC10D24AB0FE400ED4125 /* Build configuration list for PBXProject "VTB_project" */;
			compatibilityVersion = "Xcode 9.3";
			developmentRegion = en;
			hasScannedForEncodings = 0;
			knownRegions = (
				en,
				Base,
			);
			mainGroup = 2B6BC10924AB0FE400ED4125;
			packageReferences = (
				2B80004524C6CEB6004D1A12 /* XCRemoteSwiftPackageReference "GUNetworkLayer" */,
			);
			productRefGroup = 2B6BC11324AB0FE400ED4125 /* Products */;
			projectDirPath = "";
			projectRoot = "";
			targets = (
				2B6BC11124AB0FE400ED4125 /* VTB_project */,
			);
		};
/* End PBXProject section */

/* Begin PBXResourcesBuildPhase section */
		2B6BC11024AB0FE400ED4125 /* Resources */ = {
			isa = PBXResourcesBuildPhase;
			buildActionMask = 2147483647;
			files = (
				2B6BC12224AB0FE500ED4125 /* LaunchScreen.storyboard in Resources */,
				2B6BC11F24AB0FE500ED4125 /* Assets.xcassets in Resources */,
				2B676DBB24F3CA8100AC4BB8 /* Languages.plist in Resources */,
			);
			runOnlyForDeploymentPostprocessing = 0;
		};
/* End PBXResourcesBuildPhase section */

/* Begin PBXSourcesBuildPhase section */
		2B6BC10E24AB0FE400ED4125 /* Sources */ = {
			isa = PBXSourcesBuildPhase;
			buildActionMask = 2147483647;
			files = (
				2BE3AB5D24B601A200EFAFA0 /* Storage.swift in Sources */,
				2B51260F24D0660A00021937 /* ImageHandlerAndTranslationWorker.swift in Sources */,
				2B676D8624EBBA6800AC4BB8 /* RememberCollectionViewCell.swift in Sources */,
				2B46C52424D2AC2200CA143E /* SettingsAssembly.swift in Sources */,
				2BD8D3E724CF14150099C575 /* DefaultNavigationBar.swift in Sources */,
				2B9EF09924B89F98001CCEA3 /* CollectionViewDelegatesFlowLayout.swift in Sources */,
				2B676DB924F02E7500AC4BB8 /* ImageReusableView.swift in Sources */,
				2BD8D3D124CEB0AC0099C575 /* DetailAssembly.swift in Sources */,
				2B55DBAC24E2DE35008A70F8 /* ObjectEntity+CoreDataClass.swift in Sources */,
				2B46C5A824DC361500CA143E /* FavoriteRouter.swift in Sources */,
				2B46C5AE24DC385700CA143E /* FavoriteProtocols.swift in Sources */,
				2BD8D35824C831270099C575 /* HTTPProvider.swift in Sources */,
				2BD8D3DC24CEB5D60099C575 /* CollectionHeaderReusableView.swift in Sources */,
				2B6BC13724AF45B500ED4125 /* CollectionView.swift in Sources */,
				2BD8D3D724CEB1B40099C575 /* DetailRouter.swift in Sources */,
				2B46C52824D2B91A00CA143E /* ViewModel.swift in Sources */,
				2B676D9124EC2BC900AC4BB8 /* RememberHeaderView.swift in Sources */,
				2B46C53624D2E38F00CA143E /* DetailSettingsView.swift in Sources */,
				2B80004424C37630004D1A12 /* ImagePickerProtocols.swift in Sources */,
				2B9B125124EA9B0900646455 /* RememberView.swift in Sources */,
				2B46C53E24D2E6E800CA143E /* DetailTableSupervisor.swift in Sources */,
				2B46C57724D5A74B00CA143E /* DataStore.swift in Sources */,
				2BAD878024B4A85700F0DAC0 /* CollectionViewSupervisor.swift in Sources */,
				2B5125D724D016BB00021937 /* ImageHandler.swift in Sources */,
				2B676DBE24F3E55A00AC4BB8 /* LanguageProvider.swift in Sources */,
				2B80003224C040A9004D1A12 /* CollectionAssembly.swift in Sources */,
				2B6BC13F24AF468E00ED4125 /* MainTabBarController.swift in Sources */,
				2BE61E3324B4A43D007F9C19 /* ImageCollectionViewCell.swift in Sources */,
				2B46C53824D2E3C100CA143E /* DetailSettingsRouter.swift in Sources */,
				2B46C5AA24DC364200CA143E /* FavoritePresenter.swift in Sources */,
				2BD8D35424C830DB0099C575 /* TranslationResponse.swift in Sources */,
				2B9B125724EAB0A600646455 /* RememberObjects.swift in Sources */,
				2B51260C24D0645300021937 /* UserSettings.swift in Sources */,
				2B46C51E24D2AB6E00CA143E /* SettingsRouter.swift in Sources */,
				2B46C5B124DC396200CA143E /* FavoriteObject.swift in Sources */,
				2B80003024C0408A004D1A12 /* CollectionInteractor.swift in Sources */,
				2B6BC13D24AF45EB00ED4125 /* SettingsView.swift in Sources */,
				2B46C53C24D2E46900CA143E /* DetailSettingsInteractor.swift in Sources */,
				2B46C53A24D2E41B00CA143E /* DetailSettingsPresenter.swift in Sources */,
				2B46C54224D2E84D00CA143E /* LanguageCellViewModel.swift in Sources */,
				2B676D8A24EBD6A100AC4BB8 /* CollectionViewActionsDelegate.swift in Sources */,
				2BD8D3D524CEB12F0099C575 /* DetailInteractor.swift in Sources */,
				2B46C57B24D5ACF500CA143E /* UIColor+.swift in Sources */,
				2B46C54424D2EA9500CA143E /* TableViewCell+.swift in Sources */,
				2BE3AB5F24B602D400EFAFA0 /* PresentationStyle.swift in Sources */,
				2B80004C24C6D6C0004D1A12 /* CloudMersiveResponse.swift in Sources */,
				2B80004024C3760B004D1A12 /* ImagePickerPresenter.swift in Sources */,
				2B9B123924E4033300646455 /* SettingsStore.swift in Sources */,
				2B46C59D24DC013400CA143E /* GlobalConstants.swift in Sources */,
				2B80003E24C375E2004D1A12 /* ImagePickerAssembly.swift in Sources */,
				2B9B124124E5308B00646455 /* LocalizedString.swift in Sources */,
				2BD8D3CF24CEB0760099C575 /* DetailView.swift in Sources */,
				2B9B125524EA9B2A00646455 /* RememberAssembly.swift in Sources */,
				2B55DBAD24E2DE35008A70F8 /* ObjectEntity+CoreDataProperties.swift in Sources */,
				2B80002E24C04065004D1A12 /* CollectionPresenter.swift in Sources */,
				2B80002424BDFB41004D1A12 /* ListCollectionViewCell.swift in Sources */,
				2B46C55124D578D900CA143E /* CoreDataStore.swift in Sources */,
				2B5125DC24D02BFC00021937 /* ThreadSafetyDictionary.swift in Sources */,
				2B9B124D24EA9AE700646455 /* RememberInteractor.swift in Sources */,
				2B46C52024D2AB8E00CA143E /* SettingsPresenter.swift in Sources */,
				2BD8D3DE24CEB9E90099C575 /* DetailCollectionViewCell.swift in Sources */,
				2B46C57924D5AA7A00CA143E /* DataConverter.swift in Sources */,
				2BAD878224B4A8AB00F0DAC0 /* MainNavigationBar.swift in Sources */,
				2B46C5AC24DC383F00CA143E /* FavoriteInteractor.swift in Sources */,
				2B80004224C3761B004D1A12 /* ImagePickerInteractor.swift in Sources */,
				2B6BC11624AB0FE400ED4125 /* AppDelegate.swift in Sources */,
				2BD8D35624C830EF0099C575 /* TranslationClient.swift in Sources */,
				2B6BC13924AF45C400ED4125 /* FavoriteView.swift in Sources */,
				2B46C55424D5798800CA143E /* PhotationCoreData.xcdatamodeld in Sources */,
				2B9B124F24EA9AF600646455 /* RememberPresenter.swift in Sources */,
				2B80002224BDA628004D1A12 /* TableStyleHeaderReusableView.swift in Sources */,
				2BD8D3E524CF13E60099C575 /* NavigationBarDelegate.swift in Sources */,
				2B46C51C24D2AA0800CA143E /* SettingsProtocol.swift in Sources */,
				2B5125E224D0506900021937 /* SpinnerViewController.swift in Sources */,
				2B46C59B24DBE56E00CA143E /* ImageEntity+CoreDataProperties.swift in Sources */,
				2BD8D3D324CEB0FF0099C575 /* DetailPresenter.swift in Sources */,
				2B6BC13B24AF45DE00ED4125 /* ImagePickerView.swift in Sources */,
				2B80002C24C039E2004D1A12 /* CollectionProtocols.swift in Sources */,
				2B676D8F24EC0B7200AC4BB8 /* FooterModel.swift in Sources */,
				2B676D8424EBB98900AC4BB8 /* RememberCollectionViewSupervisor.swift in Sources */,
				2B46C54624D309B500CA143E /* SettingsList.swift in Sources */,
				2B46C53424D2E33400CA143E /* DetailSettingsProtocol.swift in Sources */,
				2B46C5A624DC360700CA143E /* FavoriteAssembly.swift in Sources */,
				2B5125DF24D04C6700021937 /* Language.swift in Sources */,
				2B676D8D24EBDD8D00AC4BB8 /* RememberFooterView.swift in Sources */,
				2BD8D3DA24CEB3CB0099C575 /* DetailCollectionSupervisor.swift in Sources */,
				2BD8D36E24C8A1DE0099C575 /* CollectionRouter.swift in Sources */,
				2B46C59A24DBE56E00CA143E /* ImageEntity+CoreDataClass.swift in Sources */,
				2B5125DA24D0210A00021937 /* Translator.swift in Sources */,
				2B9B125324EA9B1B00646455 /* RememberRouter.swift in Sources */,
				2B46C54024D2E7A500CA143E /* DetailSettingsAssembly.swift in Sources */,
				2B46C52224D2ABF600CA143E /* SettingsInteractor.swift in Sources */,
				2B46C52A24D2CAF400CA143E /* TableViewCell.swift in Sources */,
				2B80004A24C6D5C9004D1A12 /* CloudMersiveClient.swift in Sources */,
				2BD8D3CD24CEAE530099C575 /* DetailProtocols.swift in Sources */,
				2B46C52624D2B8B500CA143E /* TableViewSupervisor.swift in Sources */,
				2B9B124B24EA9AD900646455 /* RememberProtocols.swift in Sources */,
				2BD8D37124C8A8050099C575 /* ImagePickerRouter.swift in Sources */,
			);
			runOnlyForDeploymentPostprocessing = 0;
		};
/* End PBXSourcesBuildPhase section */

/* Begin PBXVariantGroup section */
		2B6BC12024AB0FE500ED4125 /* LaunchScreen.storyboard */ = {
			isa = PBXVariantGroup;
			children = (
				2B6BC12124AB0FE500ED4125 /* Base */,
			);
			name = LaunchScreen.storyboard;
			sourceTree = "<group>";
		};
/* End PBXVariantGroup section */

/* Begin XCBuildConfiguration section */
		2B6BC12424AB0FE500ED4125 /* Debug */ = {
			isa = XCBuildConfiguration;
			buildSettings = {
				ALWAYS_SEARCH_USER_PATHS = NO;
				CLANG_ANALYZER_NONNULL = YES;
				CLANG_ANALYZER_NUMBER_OBJECT_CONVERSION = YES_AGGRESSIVE;
				CLANG_CXX_LANGUAGE_STANDARD = "gnu++14";
				CLANG_CXX_LIBRARY = "libc++";
				CLANG_ENABLE_MODULES = YES;
				CLANG_ENABLE_OBJC_ARC = YES;
				CLANG_ENABLE_OBJC_WEAK = YES;
				CLANG_WARN_BLOCK_CAPTURE_AUTORELEASING = YES;
				CLANG_WARN_BOOL_CONVERSION = YES;
				CLANG_WARN_COMMA = YES;
				CLANG_WARN_CONSTANT_CONVERSION = YES;
				CLANG_WARN_DEPRECATED_OBJC_IMPLEMENTATIONS = YES;
				CLANG_WARN_DIRECT_OBJC_ISA_USAGE = YES_ERROR;
				CLANG_WARN_DOCUMENTATION_COMMENTS = YES;
				CLANG_WARN_EMPTY_BODY = YES;
				CLANG_WARN_ENUM_CONVERSION = YES;
				CLANG_WARN_INFINITE_RECURSION = YES;
				CLANG_WARN_INT_CONVERSION = YES;
				CLANG_WARN_NON_LITERAL_NULL_CONVERSION = YES;
				CLANG_WARN_OBJC_IMPLICIT_RETAIN_SELF = YES;
				CLANG_WARN_OBJC_LITERAL_CONVERSION = YES;
				CLANG_WARN_OBJC_ROOT_CLASS = YES_ERROR;
				CLANG_WARN_RANGE_LOOP_ANALYSIS = YES;
				CLANG_WARN_STRICT_PROTOTYPES = YES;
				CLANG_WARN_SUSPICIOUS_MOVE = YES;
				CLANG_WARN_UNGUARDED_AVAILABILITY = YES_AGGRESSIVE;
				CLANG_WARN_UNREACHABLE_CODE = YES;
				CLANG_WARN__DUPLICATE_METHOD_MATCH = YES;
				COPY_PHASE_STRIP = NO;
				DEBUG_INFORMATION_FORMAT = dwarf;
				ENABLE_STRICT_OBJC_MSGSEND = YES;
				ENABLE_TESTABILITY = YES;
				GCC_C_LANGUAGE_STANDARD = gnu11;
				GCC_DYNAMIC_NO_PIC = NO;
				GCC_NO_COMMON_BLOCKS = YES;
				GCC_OPTIMIZATION_LEVEL = 0;
				GCC_PREPROCESSOR_DEFINITIONS = (
					"DEBUG=1",
					"$(inherited)",
				);
				GCC_WARN_64_TO_32_BIT_CONVERSION = YES;
				GCC_WARN_ABOUT_RETURN_TYPE = YES_ERROR;
				GCC_WARN_UNDECLARED_SELECTOR = YES;
				GCC_WARN_UNINITIALIZED_AUTOS = YES_AGGRESSIVE;
				GCC_WARN_UNUSED_FUNCTION = YES;
				GCC_WARN_UNUSED_VARIABLE = YES;
				IPHONEOS_DEPLOYMENT_TARGET = 10.0;
				MTL_ENABLE_DEBUG_INFO = INCLUDE_SOURCE;
				MTL_FAST_MATH = YES;
				ONLY_ACTIVE_ARCH = YES;
				SDKROOT = iphoneos;
				SWIFT_ACTIVE_COMPILATION_CONDITIONS = DEBUG;
				SWIFT_OPTIMIZATION_LEVEL = "-Onone";
			};
			name = Debug;
		};
		2B6BC12524AB0FE500ED4125 /* Release */ = {
			isa = XCBuildConfiguration;
			buildSettings = {
				ALWAYS_SEARCH_USER_PATHS = NO;
				CLANG_ANALYZER_NONNULL = YES;
				CLANG_ANALYZER_NUMBER_OBJECT_CONVERSION = YES_AGGRESSIVE;
				CLANG_CXX_LANGUAGE_STANDARD = "gnu++14";
				CLANG_CXX_LIBRARY = "libc++";
				CLANG_ENABLE_MODULES = YES;
				CLANG_ENABLE_OBJC_ARC = YES;
				CLANG_ENABLE_OBJC_WEAK = YES;
				CLANG_WARN_BLOCK_CAPTURE_AUTORELEASING = YES;
				CLANG_WARN_BOOL_CONVERSION = YES;
				CLANG_WARN_COMMA = YES;
				CLANG_WARN_CONSTANT_CONVERSION = YES;
				CLANG_WARN_DEPRECATED_OBJC_IMPLEMENTATIONS = YES;
				CLANG_WARN_DIRECT_OBJC_ISA_USAGE = YES_ERROR;
				CLANG_WARN_DOCUMENTATION_COMMENTS = YES;
				CLANG_WARN_EMPTY_BODY = YES;
				CLANG_WARN_ENUM_CONVERSION = YES;
				CLANG_WARN_INFINITE_RECURSION = YES;
				CLANG_WARN_INT_CONVERSION = YES;
				CLANG_WARN_NON_LITERAL_NULL_CONVERSION = YES;
				CLANG_WARN_OBJC_IMPLICIT_RETAIN_SELF = YES;
				CLANG_WARN_OBJC_LITERAL_CONVERSION = YES;
				CLANG_WARN_OBJC_ROOT_CLASS = YES_ERROR;
				CLANG_WARN_RANGE_LOOP_ANALYSIS = YES;
				CLANG_WARN_STRICT_PROTOTYPES = YES;
				CLANG_WARN_SUSPICIOUS_MOVE = YES;
				CLANG_WARN_UNGUARDED_AVAILABILITY = YES_AGGRESSIVE;
				CLANG_WARN_UNREACHABLE_CODE = YES;
				CLANG_WARN__DUPLICATE_METHOD_MATCH = YES;
				COPY_PHASE_STRIP = NO;
				DEBUG_INFORMATION_FORMAT = "dwarf-with-dsym";
				ENABLE_NS_ASSERTIONS = NO;
				ENABLE_STRICT_OBJC_MSGSEND = YES;
				GCC_C_LANGUAGE_STANDARD = gnu11;
				GCC_NO_COMMON_BLOCKS = YES;
				GCC_WARN_64_TO_32_BIT_CONVERSION = YES;
				GCC_WARN_ABOUT_RETURN_TYPE = YES_ERROR;
				GCC_WARN_UNDECLARED_SELECTOR = YES;
				GCC_WARN_UNINITIALIZED_AUTOS = YES_AGGRESSIVE;
				GCC_WARN_UNUSED_FUNCTION = YES;
				GCC_WARN_UNUSED_VARIABLE = YES;
				IPHONEOS_DEPLOYMENT_TARGET = 10.0;
				MTL_ENABLE_DEBUG_INFO = NO;
				MTL_FAST_MATH = YES;
				SDKROOT = iphoneos;
				SWIFT_COMPILATION_MODE = wholemodule;
				SWIFT_OPTIMIZATION_LEVEL = "-O";
				VALIDATE_PRODUCT = YES;
			};
			name = Release;
		};
		2B6BC12724AB0FE500ED4125 /* Debug */ = {
			isa = XCBuildConfiguration;
			buildSettings = {
				ASSETCATALOG_COMPILER_APPICON_NAME = AppIcon;
				CODE_SIGN_STYLE = Automatic;
				DEVELOPMENT_TEAM = 7YVHA5MAY4;
				INFOPLIST_FILE = VTB_project/Info.plist;
				IPHONEOS_DEPLOYMENT_TARGET = 10.0;
				LD_RUNPATH_SEARCH_PATHS = (
					"$(inherited)",
					"@executable_path/Frameworks",
				);
				PRODUCT_BUNDLE_IDENTIFIER = "vtb-lanit.VTB-project";
				PRODUCT_NAME = Photation;
				SWIFT_VERSION = 5.0;
				TARGETED_DEVICE_FAMILY = 1;
			};
			name = Debug;
		};
		2B6BC12824AB0FE500ED4125 /* Release */ = {
			isa = XCBuildConfiguration;
			buildSettings = {
				ASSETCATALOG_COMPILER_APPICON_NAME = AppIcon;
				CODE_SIGN_STYLE = Automatic;
				DEVELOPMENT_TEAM = 7YVHA5MAY4;
				INFOPLIST_FILE = VTB_project/Info.plist;
				IPHONEOS_DEPLOYMENT_TARGET = 10.0;
				LD_RUNPATH_SEARCH_PATHS = (
					"$(inherited)",
					"@executable_path/Frameworks",
				);
				PRODUCT_BUNDLE_IDENTIFIER = "vtb-lanit.VTB-project";
				PRODUCT_NAME = Photation;
				SWIFT_VERSION = 5.0;
				TARGETED_DEVICE_FAMILY = 1;
			};
			name = Release;
		};
/* End XCBuildConfiguration section */

/* Begin XCConfigurationList section */
		2B6BC10D24AB0FE400ED4125 /* Build configuration list for PBXProject "VTB_project" */ = {
			isa = XCConfigurationList;
			buildConfigurations = (
				2B6BC12424AB0FE500ED4125 /* Debug */,
				2B6BC12524AB0FE500ED4125 /* Release */,
			);
			defaultConfigurationIsVisible = 0;
			defaultConfigurationName = Release;
		};
		2B6BC12624AB0FE500ED4125 /* Build configuration list for PBXNativeTarget "VTB_project" */ = {
			isa = XCConfigurationList;
			buildConfigurations = (
				2B6BC12724AB0FE500ED4125 /* Debug */,
				2B6BC12824AB0FE500ED4125 /* Release */,
			);
			defaultConfigurationIsVisible = 0;
			defaultConfigurationName = Release;
		};
/* End XCConfigurationList section */

/* Begin XCRemoteSwiftPackageReference section */
		2B80004524C6CEB6004D1A12 /* XCRemoteSwiftPackageReference "GUNetworkLayer" */ = {
			isa = XCRemoteSwiftPackageReference;
			repositoryURL = "https://github.com/glebka35/GUNetworkLayer.git";
			requirement = {
				branch = master;
				kind = branch;
			};
		};
/* End XCRemoteSwiftPackageReference section */

/* Begin XCSwiftPackageProductDependency section */
		2B80004624C6CEB6004D1A12 /* GUNetworkLayer */ = {
			isa = XCSwiftPackageProductDependency;
			package = 2B80004524C6CEB6004D1A12 /* XCRemoteSwiftPackageReference "GUNetworkLayer" */;
			productName = GUNetworkLayer;
		};
/* End XCSwiftPackageProductDependency section */

/* Begin XCVersionGroup section */
		2B46C55224D5798800CA143E /* PhotationCoreData.xcdatamodeld */ = {
			isa = XCVersionGroup;
			children = (
				2B46C55324D5798800CA143E /* PhotationCoreData.xcdatamodel */,
			);
			currentVersion = 2B46C55324D5798800CA143E /* PhotationCoreData.xcdatamodel */;
			path = PhotationCoreData.xcdatamodeld;
			sourceTree = "<group>";
			versionGroupType = wrapper.xcdatamodel;
		};
/* End XCVersionGroup section */
	};
	rootObject = 2B6BC10A24AB0FE400ED4125 /* Project object */;
}
