// !$*UTF8*$!
{
	archiveVersion = 1;
	classes = {
	};
	objectVersion = 50;
	objects = {

/* Begin PBXBuildFile section */
		2B6BC11624AB0FE400ED4125 /* AppDelegate.swift in Sources */ = {isa = PBXBuildFile; fileRef = 2B6BC11524AB0FE400ED4125 /* AppDelegate.swift */; };
		2B6BC11824AB0FE400ED4125 /* SceneDelegate.swift in Sources */ = {isa = PBXBuildFile; fileRef = 2B6BC11724AB0FE400ED4125 /* SceneDelegate.swift */; };
		2B6BC11A24AB0FE400ED4125 /* ViewController.swift in Sources */ = {isa = PBXBuildFile; fileRef = 2B6BC11924AB0FE400ED4125 /* ViewController.swift */; };
		2B6BC11D24AB0FE400ED4125 /* Main.storyboard in Resources */ = {isa = PBXBuildFile; fileRef = 2B6BC11B24AB0FE400ED4125 /* Main.storyboard */; };
		2B6BC11F24AB0FE500ED4125 /* Assets.xcassets in Resources */ = {isa = PBXBuildFile; fileRef = 2B6BC11E24AB0FE500ED4125 /* Assets.xcassets */; };
		2B6BC12224AB0FE500ED4125 /* LaunchScreen.storyboard in Resources */ = {isa = PBXBuildFile; fileRef = 2B6BC12024AB0FE500ED4125 /* LaunchScreen.storyboard */; };
/* End PBXBuildFile section */

/* Begin PBXFileReference section */
		2B6BC11224AB0FE400ED4125 /* VTB_project.app */ = {isa = PBXFileReference; explicitFileType = wrapper.application; includeInIndex = 0; path = VTB_project.app; sourceTree = BUILT_PRODUCTS_DIR; };
		2B6BC11524AB0FE400ED4125 /* AppDelegate.swift */ = {isa = PBXFileReference; lastKnownFileType = sourcecode.swift; path = AppDelegate.swift; sourceTree = "<group>"; };
		2B6BC11724AB0FE400ED4125 /* SceneDelegate.swift */ = {isa = PBXFileReference; lastKnownFileType = sourcecode.swift; path = SceneDelegate.swift; sourceTree = "<group>"; };
		2B6BC11924AB0FE400ED4125 /* ViewController.swift */ = {isa = PBXFileReference; lastKnownFileType = sourcecode.swift; path = ViewController.swift; sourceTree = "<group>"; };
		2B6BC11C24AB0FE400ED4125 /* Base */ = {isa = PBXFileReference; lastKnownFileType = file.storyboard; name = Base; path = Base.lproj/Main.storyboard; sourceTree = "<group>"; };
		2B6BC11E24AB0FE500ED4125 /* Assets.xcassets */ = {isa = PBXFileReference; lastKnownFileType = folder.assetcatalog; path = Assets.xcassets; sourceTree = "<group>"; };
		2B6BC12124AB0FE500ED4125 /* Base */ = {isa = PBXFileReference; lastKnownFileType = file.storyboard; name = Base; path = Base.lproj/LaunchScreen.storyboard; sourceTree = "<group>"; };
		2B6BC12324AB0FE500ED4125 /* Info.plist */ = {isa = PBXFileReference; lastKnownFileType = text.plist.xml; path = Info.plist; sourceTree = "<group>"; };
/* End PBXFileReference section */

/* Begin PBXFrameworksBuildPhase section */
		2B6BC10F24AB0FE400ED4125 /* Frameworks */ = {
			isa = PBXFrameworksBuildPhase;
			buildActionMask = 2147483647;
			files = (
			);
			runOnlyForDeploymentPostprocessing = 0;
		};
/* End PBXFrameworksBuildPhase section */

/* Begin PBXGroup section */
		2B6BC10924AB0FE400ED4125 = {
			isa = PBXGroup;
			children = (
				2B6BC11424AB0FE400ED4125 /* VTB_project */,
				2B6BC11324AB0FE400ED4125 /* Products */,
			);
			sourceTree = "<group>";
		};
		2B6BC11324AB0FE400ED4125 /* Products */ = {
			isa = PBXGroup;
			children = (
				2B6BC11224AB0FE400ED4125 /* VTB_project.app */,
			);
			name = Products;
			sourceTree = "<group>";
		};
		2B6BC11424AB0FE400ED4125 /* VTB_project */ = {
			isa = PBXGroup;
			children = (
				2B6BC11524AB0FE400ED4125 /* AppDelegate.swift */,
				2B6BC11724AB0FE400ED4125 /* SceneDelegate.swift */,
				2B6BC11924AB0FE400ED4125 /* ViewController.swift */,
				2B6BC11B24AB0FE400ED4125 /* Main.storyboard */,
				2B6BC11E24AB0FE500ED4125 /* Assets.xcassets */,
				2B6BC12024AB0FE500ED4125 /* LaunchScreen.storyboard */,
				2B6BC12324AB0FE500ED4125 /* Info.plist */,
			);
			path = VTB_project;
			sourceTree = "<group>";
		};
/* End PBXGroup section */

/* Begin PBXNativeTarget section */
		2B6BC11124AB0FE400ED4125 /* VTB_project */ = {
			isa = PBXNativeTarget;
			buildConfigurationList = 2B6BC12624AB0FE500ED4125 /* Build configuration list for PBXNativeTarget "VTB_project" */;
			buildPhases = (
				2B6BC10E24AB0FE400ED4125 /* Sources */,
				2B6BC10F24AB0FE400ED4125 /* Frameworks */,
				2B6BC11024AB0FE400ED4125 /* Resources */,
			);
			buildRules = (
			);
			dependencies = (
			);
			name = VTB_project;
			productName = VTB_project;
			productReference = 2B6BC11224AB0FE400ED4125 /* VTB_project.app */;
			productType = "com.apple.product-type.application";
		};
/* End PBXNativeTarget section */

/* Begin PBXProject section */
		2B6BC10A24AB0FE400ED4125 /* Project object */ = {
			isa = PBXProject;
			attributes = {
				LastSwiftUpdateCheck = 1150;
				LastUpgradeCheck = 1150;
				ORGANIZATIONNAME = "Gleb Uvarkin";
				TargetAttributes = {
					2B6BC11124AB0FE400ED4125 = {
						CreatedOnToolsVersion = 11.5;
					};
				};
			};
			buildConfigurationList = 2B6BC10D24AB0FE400ED4125 /* Build configuration list for PBXProject "VTB_project" */;
			compatibilityVersion = "Xcode 9.3";
			developmentRegion = en;
			hasScannedForEncodings = 0;
			knownRegions = (
				en,
				Base,
			);
			mainGroup = 2B6BC10924AB0FE400ED4125;
			productRefGroup = 2B6BC11324AB0FE400ED4125 /* Products */;
			projectDirPath = "";
			projectRoot = "";
			targets = (
				2B6BC11124AB0FE400ED4125 /* VTB_project */,
			);
		};
/* End PBXProject section */

/* Begin PBXResourcesBuildPhase section */
		2B6BC11024AB0FE400ED4125 /* Resources */ = {
			isa = PBXResourcesBuildPhase;
			buildActionMask = 2147483647;
			files = (
				2B6BC12224AB0FE500ED4125 /* LaunchScreen.storyboard in Resources */,
				2B6BC11F24AB0FE500ED4125 /* Assets.xcassets in Resources */,
				2B6BC11D24AB0FE400ED4125 /* Main.storyboard in Resources */,
			);
			runOnlyForDeploymentPostprocessing = 0;
		};
/* End PBXResourcesBuildPhase section */

/* Begin PBXSourcesBuildPhase section */
		2B6BC10E24AB0FE400ED4125 /* Sources */ = {
			isa = PBXSourcesBuildPhase;
			buildActionMask = 2147483647;
			files = (
				2B6BC11A24AB0FE400ED4125 /* ViewController.swift in Sources */,
				2B6BC11624AB0FE400ED4125 /* AppDelegate.swift in Sources */,
				2B6BC11824AB0FE400ED4125 /* SceneDelegate.swift in Sources */,
			);
			runOnlyForDeploymentPostprocessing = 0;
		};
/* End PBXSourcesBuildPhase section */

/* Begin PBXVariantGroup section */
		2B6BC11B24AB0FE400ED4125 /* Main.storyboard */ = {
			isa = PBXVariantGroup;
			children = (
				2B6BC11C24AB0FE400ED4125 /* Base */,
			);
			name = Main.storyboard;
			sourceTree = "<group>";
		};
		2B6BC12024AB0FE500ED4125 /* LaunchScreen.storyboard */ = {
			isa = PBXVariantGroup;
			children = (
				2B6BC12124AB0FE500ED4125 /* Base */,
			);
			name = LaunchScreen.storyboard;
			sourceTree = "<group>";
		};
/* End PBXVariantGroup section */

/* Begin XCBuildConfiguration section */
		2B6BC12424AB0FE500ED4125 /* Debug */ = {
			isa = XCBuildConfiguration;
			buildSettings = {
				ALWAYS_SEARCH_USER_PATHS = NO;
				CLANG_ANALYZER_NONNULL = YES;
				CLANG_ANALYZER_NUMBER_OBJECT_CONVERSION = YES_AGGRESSIVE;
				CLANG_CXX_LANGUAGE_STANDARD = "gnu++14";
				CLANG_CXX_LIBRARY = "libc++";
				CLANG_ENABLE_MODULES = YES;
				CLANG_ENABLE_OBJC_ARC = YES;
				CLANG_ENABLE_OBJC_WEAK = YES;
				CLANG_WARN_BLOCK_CAPTURE_AUTORELEASING = YES;
				CLANG_WARN_BOOL_CONVERSION = YES;
				CLANG_WARN_COMMA = YES;
				CLANG_WARN_CONSTANT_CONVERSION = YES;
				CLANG_WARN_DEPRECATED_OBJC_IMPLEMENTATIONS = YES;
				CLANG_WARN_DIRECT_OBJC_ISA_USAGE = YES_ERROR;
				CLANG_WARN_DOCUMENTATION_COMMENTS = YES;
				CLANG_WARN_EMPTY_BODY = YES;
				CLANG_WARN_ENUM_CONVERSION = YES;
				CLANG_WARN_INFINITE_RECURSION = YES;
				CLANG_WARN_INT_CONVERSION = YES;
				CLANG_WARN_NON_LITERAL_NULL_CONVERSION = YES;
				CLANG_WARN_OBJC_IMPLICIT_RETAIN_SELF = YES;
				CLANG_WARN_OBJC_LITERAL_CONVERSION = YES;
				CLANG_WARN_OBJC_ROOT_CLASS = YES_ERROR;
				CLANG_WARN_RANGE_LOOP_ANALYSIS = YES;
				CLANG_WARN_STRICT_PROTOTYPES = YES;
				CLANG_WARN_SUSPICIOUS_MOVE = YES;
				CLANG_WARN_UNGUARDED_AVAILABILITY = YES_AGGRESSIVE;
				CLANG_WARN_UNREACHABLE_CODE = YES;
				CLANG_WARN__DUPLICATE_METHOD_MATCH = YES;
				COPY_PHASE_STRIP = NO;
				DEBUG_INFORMATION_FORMAT = dwarf;
				ENABLE_STRICT_OBJC_MSGSEND = YES;
				ENABLE_TESTABILITY = YES;
				GCC_C_LANGUAGE_STANDARD = gnu11;
				GCC_DYNAMIC_NO_PIC = NO;
				GCC_NO_COMMON_BLOCKS = YES;
				GCC_OPTIMIZATION_LEVEL = 0;
				GCC_PREPROCESSOR_DEFINITIONS = (
					"DEBUG=1",
					"$(inherited)",
				);
				GCC_WARN_64_TO_32_BIT_CONVERSION = YES;
				GCC_WARN_ABOUT_RETURN_TYPE = YES_ERROR;
				GCC_WARN_UNDECLARED_SELECTOR = YES;
				GCC_WARN_UNINITIALIZED_AUTOS = YES_AGGRESSIVE;
				GCC_WARN_UNUSED_FUNCTION = YES;
				GCC_WARN_UNUSED_VARIABLE = YES;
				IPHONEOS_DEPLOYMENT_TARGET = 13.5;
				MTL_ENABLE_DEBUG_INFO = INCLUDE_SOURCE;
				MTL_FAST_MATH = YES;
				ONLY_ACTIVE_ARCH = YES;
				SDKROOT = iphoneos;
				SWIFT_ACTIVE_COMPILATION_CONDITIONS = DEBUG;
				SWIFT_OPTIMIZATION_LEVEL = "-Onone";
			};
			name = Debug;
		};
		2B6BC12524AB0FE500ED4125 /* Release */ = {
			isa = XCBuildConfiguration;
			buildSettings = {
				ALWAYS_SEARCH_USER_PATHS = NO;
				CLANG_ANALYZER_NONNULL = YES;
				CLANG_ANALYZER_NUMBER_OBJECT_CONVERSION = YES_AGGRESSIVE;
				CLANG_CXX_LANGUAGE_STANDARD = "gnu++14";
				CLANG_CXX_LIBRARY = "libc++";
				CLANG_ENABLE_MODULES = YES;
				CLANG_ENABLE_OBJC_ARC = YES;
				CLANG_ENABLE_OBJC_WEAK = YES;
				CLANG_WARN_BLOCK_CAPTURE_AUTORELEASING = YES;
				CLANG_WARN_BOOL_CONVERSION = YES;
				CLANG_WARN_COMMA = YES;
				CLANG_WARN_CONSTANT_CONVERSION = YES;
				CLANG_WARN_DEPRECATED_OBJC_IMPLEMENTATIONS = YES;
				CLANG_WARN_DIRECT_OBJC_ISA_USAGE = YES_ERROR;
				CLANG_WARN_DOCUMENTATION_COMMENTS = YES;
				CLANG_WARN_EMPTY_BODY = YES;
				CLANG_WARN_ENUM_CONVERSION = YES;
				CLANG_WARN_INFINITE_RECURSION = YES;
				CLANG_WARN_INT_CONVERSION = YES;
				CLANG_WARN_NON_LITERAL_NULL_CONVERSION = YES;
				CLANG_WARN_OBJC_IMPLICIT_RETAIN_SELF = YES;
				CLANG_WARN_OBJC_LITERAL_CONVERSION = YES;
				CLANG_WARN_OBJC_ROOT_CLASS = YES_ERROR;
				CLANG_WARN_RANGE_LOOP_ANALYSIS = YES;
				CLANG_WARN_STRICT_PROTOTYPES = YES;
				CLANG_WARN_SUSPICIOUS_MOVE = YES;
				CLANG_WARN_UNGUARDED_AVAILABILITY = YES_AGGRESSIVE;
				CLANG_WARN_UNREACHABLE_CODE = YES;
				CLANG_WARN__DUPLICATE_METHOD_MATCH = YES;
				COPY_PHASE_STRIP = NO;
				DEBUG_INFORMATION_FORMAT = "dwarf-with-dsym";
				ENABLE_NS_ASSERTIONS = NO;
				ENABLE_STRICT_OBJC_MSGSEND = YES;
				GCC_C_LANGUAGE_STANDARD = gnu11;
				GCC_NO_COMMON_BLOCKS = YES;
				GCC_WARN_64_TO_32_BIT_CONVERSION = YES;
				GCC_WARN_ABOUT_RETURN_TYPE = YES_ERROR;
				GCC_WARN_UNDECLARED_SELECTOR = YES;
				GCC_WARN_UNINITIALIZED_AUTOS = YES_AGGRESSIVE;
				GCC_WARN_UNUSED_FUNCTION = YES;
				GCC_WARN_UNUSED_VARIABLE = YES;
				IPHONEOS_DEPLOYMENT_TARGET = 13.5;
				MTL_ENABLE_DEBUG_INFO = NO;
				MTL_FAST_MATH = YES;
				SDKROOT = iphoneos;
				SWIFT_COMPILATION_MODE = wholemodule;
				SWIFT_OPTIMIZATION_LEVEL = "-O";
				VALIDATE_PRODUCT = YES;
			};
			name = Release;
		};
		2B6BC12724AB0FE500ED4125 /* Debug */ = {
			isa = XCBuildConfiguration;
			buildSettings = {
				ASSETCATALOG_COMPILER_APPICON_NAME = AppIcon;
				CODE_SIGN_STYLE = Automatic;
				DEVELOPMENT_TEAM = 7YVHA5MAY4;
				INFOPLIST_FILE = VTB_project/Info.plist;
				LD_RUNPATH_SEARCH_PATHS = (
					"$(inherited)",
					"@executable_path/Frameworks",
				);
				PRODUCT_BUNDLE_IDENTIFIER = "vtb-lanit.VTB-project";
				PRODUCT_NAME = "$(TARGET_NAME)";
				SWIFT_VERSION = 5.0;
				TARGETED_DEVICE_FAMILY = "1,2";
			};
			name = Debug;
		};
		2B6BC12824AB0FE500ED4125 /* Release */ = {
			isa = XCBuildConfiguration;
			buildSettings = {
				ASSETCATALOG_COMPILER_APPICON_NAME = AppIcon;
				CODE_SIGN_STYLE = Automatic;
				DEVELOPMENT_TEAM = 7YVHA5MAY4;
				INFOPLIST_FILE = VTB_project/Info.plist;
				LD_RUNPATH_SEARCH_PATHS = (
					"$(inherited)",
					"@executable_path/Frameworks",
				);
				PRODUCT_BUNDLE_IDENTIFIER = "vtb-lanit.VTB-project";
				PRODUCT_NAME = "$(TARGET_NAME)";
				SWIFT_VERSION = 5.0;
				TARGETED_DEVICE_FAMILY = "1,2";
			};
			name = Release;
		};
/* End XCBuildConfiguration section */

/* Begin XCConfigurationList section */
		2B6BC10D24AB0FE400ED4125 /* Build configuration list for PBXProject "VTB_project" */ = {
			isa = XCConfigurationList;
			buildConfigurations = (
				2B6BC12424AB0FE500ED4125 /* Debug */,
				2B6BC12524AB0FE500ED4125 /* Release */,
			);
			defaultConfigurationIsVisible = 0;
			defaultConfigurationName = Release;
		};
		2B6BC12624AB0FE500ED4125 /* Build configuration list for PBXNativeTarget "VTB_project" */ = {
			isa = XCConfigurationList;
			buildConfigurations = (
				2B6BC12724AB0FE500ED4125 /* Debug */,
				2B6BC12824AB0FE500ED4125 /* Release */,
			);
			defaultConfigurationIsVisible = 0;
			defaultConfigurationName = Release;
		};
/* End XCConfigurationList section */
	};
	rootObject = 2B6BC10A24AB0FE400ED4125 /* Project object */;
}
